// !$*UTF8*$!
{
	archiveVersion = 1;
	classes = {
	};
	objectVersion = 55;
	objects = {

/* Begin PBXBuildFile section */
		3A1043A9275DDCD00017C25C /* HARClassifier.mlmodel in Sources */ = {isa = PBXBuildFile; fileRef = 3A1043A8275DDCD00017C25C /* HARClassifier.mlmodel */; };
		3A1043AD275DDD2C0017C25C /* ActivityClassifier.swift in Sources */ = {isa = PBXBuildFile; fileRef = 3A1043AC275DDD2C0017C25C /* ActivityClassifier.swift */; };
		3A1043B0275DE11B0017C25C /* MotionManager.swift in Sources */ = {isa = PBXBuildFile; fileRef = 3A1043AF275DE11B0017C25C /* MotionManager.swift */; };
		3A1043B2275DFC410017C25C /* HomeViewModel.swift in Sources */ = {isa = PBXBuildFile; fileRef = 3A1043B1275DFC410017C25C /* HomeViewModel.swift */; };
		3A1043B4275DFE840017C25C /* ActivityClassifierProtocol.swift in Sources */ = {isa = PBXBuildFile; fileRef = 3A1043B3275DFE840017C25C /* ActivityClassifierProtocol.swift */; };
		3A1703632767C40F0023DF67 /* UITextFiewld+Extension.swift in Sources */ = {isa = PBXBuildFile; fileRef = 3A1703622767C40F0023DF67 /* UITextFiewld+Extension.swift */; };
		3A1703662767D43A0023DF67 /* ImagePicker.swift in Sources */ = {isa = PBXBuildFile; fileRef = 3A1703652767D43A0023DF67 /* ImagePicker.swift */; };
		3A1703682767E7230023DF67 /* SettingsViewModel.swift in Sources */ = {isa = PBXBuildFile; fileRef = 3A1703672767E7230023DF67 /* SettingsViewModel.swift */; };
		3A17036A2767E9F10023DF67 /* SettingsModel.swift in Sources */ = {isa = PBXBuildFile; fileRef = 3A1703692767E9F10023DF67 /* SettingsModel.swift */; };
		3A29A1C22762927E00A0CE79 /* HomeModel.swift in Sources */ = {isa = PBXBuildFile; fileRef = 3A29A1C12762927E00A0CE79 /* HomeModel.swift */; };
		3A6A2C6C276122D2006B840E /* PedometerManager.swift in Sources */ = {isa = PBXBuildFile; fileRef = 3A6A2C6B276122D2006B840E /* PedometerManager.swift */; };
		3A6A2C6E27612BA7006B840E /* CareKit in Frameworks */ = {isa = PBXBuildFile; productRef = 3A6A2C6D27612BA7006B840E /* CareKit */; };
		3A6A2C7027612BA7006B840E /* CareKitStore in Frameworks */ = {isa = PBXBuildFile; productRef = 3A6A2C6F27612BA7006B840E /* CareKitStore */; };
		3A6A2C7227612BA7006B840E /* CareKitUI in Frameworks */ = {isa = PBXBuildFile; productRef = 3A6A2C7127612BA7006B840E /* CareKitUI */; };
		3A6A2C7527612C71006B840E /* CareStoreReferenceManager.swift in Sources */ = {isa = PBXBuildFile; fileRef = 3A6A2C7427612C71006B840E /* CareStoreReferenceManager.swift */; };
		3A6A2C7727612F8C006B840E /* OCKStore+Extension.swift in Sources */ = {isa = PBXBuildFile; fileRef = 3A6A2C7627612F8C006B840E /* OCKStore+Extension.swift */; };
		3A6A2C8027615F69006B840E /* StorageManager.swift in Sources */ = {isa = PBXBuildFile; fileRef = 3A6A2C7F27615F69006B840E /* StorageManager.swift */; };
		3A6A2C8227616B08006B840E /* StorageService.swift in Sources */ = {isa = PBXBuildFile; fileRef = 3A6A2C8127616B08006B840E /* StorageService.swift */; };
		3A6A2C8527616BA0006B840E /* StepsStorable.swift in Sources */ = {isa = PBXBuildFile; fileRef = 3A6A2C8427616BA0006B840E /* StepsStorable.swift */; };
		3A6A2C8727616FA7006B840E /* ActivityStorable.swift in Sources */ = {isa = PBXBuildFile; fileRef = 3A6A2C8627616FA7006B840E /* ActivityStorable.swift */; };
		3A6A2C8A276186BC006B840E /* BackgroundOperation.swift in Sources */ = {isa = PBXBuildFile; fileRef = 3A6A2C89276186BC006B840E /* BackgroundOperation.swift */; };
		3ADAFBCD275A15DB0026A1CC /* WaterBalanceListView.swift in Sources */ = {isa = PBXBuildFile; fileRef = 3ADAFBCC275A15DB0026A1CC /* WaterBalanceListView.swift */; };
		3ADAFBCF275A16080026A1CC /* WaterBalanceListViewModel.swift in Sources */ = {isa = PBXBuildFile; fileRef = 3ADAFBCE275A16080026A1CC /* WaterBalanceListViewModel.swift */; };
		3ADAFBD1275A1C690026A1CC /* WaterBalanceListModel.swift in Sources */ = {isa = PBXBuildFile; fileRef = 3ADAFBD0275A1C690026A1CC /* WaterBalanceListModel.swift */; };
		3ADAFBD3275A273A0026A1CC /* Roboto-Thin.ttf in Resources */ = {isa = PBXBuildFile; fileRef = 3ADAFBD2275A273A0026A1CC /* Roboto-Thin.ttf */; };
		3ADAFBD5275A27440026A1CC /* Roboto-Bold.ttf in Resources */ = {isa = PBXBuildFile; fileRef = 3ADAFBD4275A27440026A1CC /* Roboto-Bold.ttf */; };
		3ADAFBD7275A274E0026A1CC /* Roboto-Regular.ttf in Resources */ = {isa = PBXBuildFile; fileRef = 3ADAFBD6275A274E0026A1CC /* Roboto-Regular.ttf */; };
		3ADAFBD9275A27560026A1CC /* Roboto-Medium.ttf in Resources */ = {isa = PBXBuildFile; fileRef = 3ADAFBD8275A27560026A1CC /* Roboto-Medium.ttf */; };
		3ADAFBDB275A275D0026A1CC /* Roboto-Light.ttf in Resources */ = {isa = PBXBuildFile; fileRef = 3ADAFBDA275A275D0026A1CC /* Roboto-Light.ttf */; };
		D41E73D527F05804003C05DF /* Assets.xcassets in Resources */ = {isa = PBXBuildFile; fileRef = D41E73D427F05804003C05DF /* Assets.xcassets */; };
		D41E73DB27F05804003C05DF /* ActiveMe Watch WatchKit Extension.appex in Embed App Extensions */ = {isa = PBXBuildFile; fileRef = D41E73DA27F05804003C05DF /* ActiveMe Watch WatchKit Extension.appex */; settings = {ATTRIBUTES = (RemoveHeadersOnCopy, ); }; };
		D41E73E027F05804003C05DF /* ActiveMeApp.swift in Sources */ = {isa = PBXBuildFile; fileRef = D41E73DF27F05804003C05DF /* ActiveMeApp.swift */; };
		D41E73E227F05804003C05DF /* StartView.swift in Sources */ = {isa = PBXBuildFile; fileRef = D41E73E127F05804003C05DF /* StartView.swift */; };
		D41E73E427F05804003C05DF /* NotificationController.swift in Sources */ = {isa = PBXBuildFile; fileRef = D41E73E327F05804003C05DF /* NotificationController.swift */; };
		D41E73E627F05804003C05DF /* NotificationView.swift in Sources */ = {isa = PBXBuildFile; fileRef = D41E73E527F05804003C05DF /* NotificationView.swift */; };
		D41E73E827F05804003C05DF /* ComplicationController.swift in Sources */ = {isa = PBXBuildFile; fileRef = D41E73E727F05804003C05DF /* ComplicationController.swift */; };
		D41E73EA27F05805003C05DF /* Assets.xcassets in Resources */ = {isa = PBXBuildFile; fileRef = D41E73E927F05805003C05DF /* Assets.xcassets */; };
		D41E73ED27F05805003C05DF /* Preview Assets.xcassets in Resources */ = {isa = PBXBuildFile; fileRef = D41E73EC27F05805003C05DF /* Preview Assets.xcassets */; };
		D41E73F227F05805003C05DF /* ActiveMe Watch.app in Embed Watch Content */ = {isa = PBXBuildFile; fileRef = D41E73D227F05801003C05DF /* ActiveMe Watch.app */; settings = {ATTRIBUTES = (RemoveHeadersOnCopy, ); }; };
		D41F5478275E711E00093D1D /* GraphView.swift in Sources */ = {isa = PBXBuildFile; fileRef = D41F5477275E711E00093D1D /* GraphView.swift */; };
		D424DCB22764917800E49132 /* UserDefaultsManager.swift in Sources */ = {isa = PBXBuildFile; fileRef = D424DCB12764917800E49132 /* UserDefaultsManager.swift */; };
		D424DCB4276491E600E49132 /* UserDefaultsKeys.swift in Sources */ = {isa = PBXBuildFile; fileRef = D424DCB3276491E600E49132 /* UserDefaultsKeys.swift */; };
		D442C172275AA17800BD8EE6 /* UserParametersCoordinator.swift in Sources */ = {isa = PBXBuildFile; fileRef = D442C171275AA17800BD8EE6 /* UserParametersCoordinator.swift */; };
		D442C175275AAABF00BD8EE6 /* NextButton.swift in Sources */ = {isa = PBXBuildFile; fileRef = D442C174275AAABF00BD8EE6 /* NextButton.swift */; };
		D442C17C275AB9C300BD8EE6 /* SliderParametersView.swift in Sources */ = {isa = PBXBuildFile; fileRef = D442C17B275AB9C300BD8EE6 /* SliderParametersView.swift */; };
		D442C17E275AB9CD00BD8EE6 /* SliderParametersViewModel.swift in Sources */ = {isa = PBXBuildFile; fileRef = D442C17D275AB9CD00BD8EE6 /* SliderParametersViewModel.swift */; };
		D445F92C27515035001AA71A /* AppDelegate.swift in Sources */ = {isa = PBXBuildFile; fileRef = D445F92B27515035001AA71A /* AppDelegate.swift */; };
		D445F92E27515035001AA71A /* SceneDelegate.swift in Sources */ = {isa = PBXBuildFile; fileRef = D445F92D27515035001AA71A /* SceneDelegate.swift */; };
		D445F93027515035001AA71A /* GenderView.swift in Sources */ = {isa = PBXBuildFile; fileRef = D445F92F27515035001AA71A /* GenderView.swift */; };
		D445F93627515036001AA71A /* ActiveMe.xcdatamodeld in Sources */ = {isa = PBXBuildFile; fileRef = D445F93427515036001AA71A /* ActiveMe.xcdatamodeld */; };
		D445F93827515037001AA71A /* Assets.xcassets in Resources */ = {isa = PBXBuildFile; fileRef = D445F93727515037001AA71A /* Assets.xcassets */; };
		D445F93B27515037001AA71A /* LaunchScreen.storyboard in Resources */ = {isa = PBXBuildFile; fileRef = D445F93927515037001AA71A /* LaunchScreen.storyboard */; };
		D445F94627515038001AA71A /* ActiveMeTests.swift in Sources */ = {isa = PBXBuildFile; fileRef = D445F94527515038001AA71A /* ActiveMeTests.swift */; };
		D445F95027515038001AA71A /* ActiveMeUITests.swift in Sources */ = {isa = PBXBuildFile; fileRef = D445F94F27515038001AA71A /* ActiveMeUITests.swift */; };
		D445F95227515038001AA71A /* ActiveMeUITestsLaunchTests.swift in Sources */ = {isa = PBXBuildFile; fileRef = D445F95127515038001AA71A /* ActiveMeUITestsLaunchTests.swift */; };
		D445F964275152EE001AA71A /* StrokesSlider.swift in Sources */ = {isa = PBXBuildFile; fileRef = D445F963275152EE001AA71A /* StrokesSlider.swift */; };
		D445F96727515395001AA71A /* MainSection.swift in Sources */ = {isa = PBXBuildFile; fileRef = D445F96627515395001AA71A /* MainSection.swift */; };
		D445F969275153D7001AA71A /* StrokeCell.swift in Sources */ = {isa = PBXBuildFile; fileRef = D445F968275153D7001AA71A /* StrokeCell.swift */; };
		D445F96C2751551C001AA71A /* StrokesSliderCell.swift in Sources */ = {isa = PBXBuildFile; fileRef = D445F96B2751551C001AA71A /* StrokesSliderCell.swift */; };
		D445F96F27515CBA001AA71A /* SnapKit in Frameworks */ = {isa = PBXBuildFile; productRef = D445F96E27515CBA001AA71A /* SnapKit */; };
		D445F9722751654C001AA71A /* GRDB in Frameworks */ = {isa = PBXBuildFile; productRef = D445F9712751654C001AA71A /* GRDB */; };
		D445F97427516608001AA71A /* StrokeSliderCellProtocol.swift in Sources */ = {isa = PBXBuildFile; fileRef = D445F97327516608001AA71A /* StrokeSliderCellProtocol.swift */; };
		D445F97827516951001AA71A /* UICollectionViewCell+Extension.swift in Sources */ = {isa = PBXBuildFile; fileRef = D445F97727516951001AA71A /* UICollectionViewCell+Extension.swift */; };
		D4480FAD27516CA100EDCD22 /* StrokesSliderFlowLayout.swift in Sources */ = {isa = PBXBuildFile; fileRef = D4480FAC27516CA100EDCD22 /* StrokesSliderFlowLayout.swift */; };
		D466ADEB2803099A00862E5E /* SummaryView.swift in Sources */ = {isa = PBXBuildFile; fileRef = D466ADEA2803099A00862E5E /* SummaryView.swift */; };
		D466ADED28030B5400862E5E /* ActivityRingsView.swift in Sources */ = {isa = PBXBuildFile; fileRef = D466ADEC28030B5400862E5E /* ActivityRingsView.swift */; };
		D48D70E927F07FC4002F5002 /* SessionDelegate.swift in Sources */ = {isa = PBXBuildFile; fileRef = D48D70E827F07FC4002F5002 /* SessionDelegate.swift */; };
		D48D70EB27F0824C002F5002 /* DataTransferManager.swift in Sources */ = {isa = PBXBuildFile; fileRef = D48D70EA27F0824C002F5002 /* DataTransferManager.swift */; };
		D48D70ED27F08368002F5002 /* CommandStatus.swift in Sources */ = {isa = PBXBuildFile; fileRef = D48D70EC27F08368002F5002 /* CommandStatus.swift */; };
		D48E1E43275380500034DDBE /* GenderButton.swift in Sources */ = {isa = PBXBuildFile; fileRef = D48E1E42275380500034DDBE /* GenderButton.swift */; };
		D48E1E45275386FF0034DDBE /* UIColor+Extension.swift in Sources */ = {isa = PBXBuildFile; fileRef = D48E1E44275386FF0034DDBE /* UIColor+Extension.swift */; };
		D48E1E472753887A0034DDBE /* UIFont+Extension.swift in Sources */ = {isa = PBXBuildFile; fileRef = D48E1E462753887A0034DDBE /* UIFont+Extension.swift */; };
		D48E1E56275399B00034DDBE /* RxCocoa in Frameworks */ = {isa = PBXBuildFile; productRef = D48E1E55275399B00034DDBE /* RxCocoa */; };
		D48E1E58275399B00034DDBE /* RxSwift in Frameworks */ = {isa = PBXBuildFile; productRef = D48E1E57275399B00034DDBE /* RxSwift */; };
		D48E1E5C2753C8220034DDBE /* GenderViewModel.swift in Sources */ = {isa = PBXBuildFile; fileRef = D48E1E5B2753C8220034DDBE /* GenderViewModel.swift */; };
		D48E1E622753E33F0034DDBE /* UIViewController+Extension.swift in Sources */ = {isa = PBXBuildFile; fileRef = D48E1E612753E33F0034DDBE /* UIViewController+Extension.swift */; };
		D48E1E6B275419EE0034DDBE /* BaseCoordinator.swift in Sources */ = {isa = PBXBuildFile; fileRef = D48E1E6A275419EE0034DDBE /* BaseCoordinator.swift */; };
		D48E1E6E27541B6F0034DDBE /* AppCoordinator.swift in Sources */ = {isa = PBXBuildFile; fileRef = D48E1E6D27541B6F0034DDBE /* AppCoordinator.swift */; };
		D4A9579E2802E50100E98FF4 /* WorkoutManager.swift in Sources */ = {isa = PBXBuildFile; fileRef = D4A9579D2802E50100E98FF4 /* WorkoutManager.swift */; };
		D4A957A02802E80900E98FF4 /* HealthKit.framework in Frameworks */ = {isa = PBXBuildFile; fileRef = D4A9579F2802E80900E98FF4 /* HealthKit.framework */; };
		D4A957A22802E81D00E98FF4 /* WatchConnectivity.framework in Frameworks */ = {isa = PBXBuildFile; fileRef = D4A957A12802E81D00E98FF4 /* WatchConnectivity.framework */; };
		D4A957A52802E85900E98FF4 /* HealthKit.framework in Frameworks */ = {isa = PBXBuildFile; fileRef = D4A957A42802E85900E98FF4 /* HealthKit.framework */; };
		D4A957AB2802F0D800E98FF4 /* SessionView.swift in Sources */ = {isa = PBXBuildFile; fileRef = D4A957AA2802F0D800E98FF4 /* SessionView.swift */; };
		D4A957AD2802F13800E98FF4 /* ControlsView.swift in Sources */ = {isa = PBXBuildFile; fileRef = D4A957AC2802F13800E98FF4 /* ControlsView.swift */; };
		D4A957AF2802F1DD00E98FF4 /* MetricsView.swift in Sources */ = {isa = PBXBuildFile; fileRef = D4A957AE2802F1DD00E98FF4 /* MetricsView.swift */; };
		D4A957B12802F29F00E98FF4 /* ElapsedTimeView.swift in Sources */ = {isa = PBXBuildFile; fileRef = D4A957B02802F29F00E98FF4 /* ElapsedTimeView.swift */; };
		D4A957B32802F4E500E98FF4 /* Colors.xcassets in Resources */ = {isa = PBXBuildFile; fileRef = D4A957B22802F4E500E98FF4 /* Colors.xcassets */; };
		D4AA4F3C275BB11C002DBE23 /* MainTabBarView.swift in Sources */ = {isa = PBXBuildFile; fileRef = D4AA4F3B275BB11C002DBE23 /* MainTabBarView.swift */; };
		D4CA4EA1275EA1A800A8FE62 /* ActivityViewModel.swift in Sources */ = {isa = PBXBuildFile; fileRef = D4CA4EA0275EA1A800A8FE62 /* ActivityViewModel.swift */; };
		D4DCA876275BE3E00072F725 /* MainTabBarCoordinator.swift in Sources */ = {isa = PBXBuildFile; fileRef = D4DCA875275BE3E00072F725 /* MainTabBarCoordinator.swift */; };
		D4DCA879275BE6890072F725 /* HomeView.swift in Sources */ = {isa = PBXBuildFile; fileRef = D4DCA878275BE6890072F725 /* HomeView.swift */; };
		D4DCA87B275BE6C10072F725 /* ActivityView.swift in Sources */ = {isa = PBXBuildFile; fileRef = D4DCA87A275BE6C10072F725 /* ActivityView.swift */; };
		D4DCA87D275BE6D40072F725 /* SettingsView.swift in Sources */ = {isa = PBXBuildFile; fileRef = D4DCA87C275BE6D40072F725 /* SettingsView.swift */; };
/* End PBXBuildFile section */

/* Begin PBXContainerItemProxy section */
		D41E73DC27F05804003C05DF /* PBXContainerItemProxy */ = {
			isa = PBXContainerItemProxy;
			containerPortal = D445F92027515035001AA71A /* Project object */;
			proxyType = 1;
			remoteGlobalIDString = D41E73D927F05804003C05DF;
			remoteInfo = "ActiveMe Watch WatchKit Extension";
		};
		D41E73F027F05805003C05DF /* PBXContainerItemProxy */ = {
			isa = PBXContainerItemProxy;
			containerPortal = D445F92027515035001AA71A /* Project object */;
			proxyType = 1;
			remoteGlobalIDString = D41E73D127F05801003C05DF;
			remoteInfo = "ActiveMe Watch";
		};
		D445F94227515037001AA71A /* PBXContainerItemProxy */ = {
			isa = PBXContainerItemProxy;
			containerPortal = D445F92027515035001AA71A /* Project object */;
			proxyType = 1;
			remoteGlobalIDString = D445F92727515035001AA71A;
			remoteInfo = ActiveMe;
		};
		D445F94C27515038001AA71A /* PBXContainerItemProxy */ = {
			isa = PBXContainerItemProxy;
			containerPortal = D445F92027515035001AA71A /* Project object */;
			proxyType = 1;
			remoteGlobalIDString = D445F92727515035001AA71A;
			remoteInfo = ActiveMe;
		};
/* End PBXContainerItemProxy section */

/* Begin PBXCopyFilesBuildPhase section */
		D41E73F327F05805003C05DF /* Embed Watch Content */ = {
			isa = PBXCopyFilesBuildPhase;
			buildActionMask = 12;
			dstPath = "$(CONTENTS_FOLDER_PATH)/Watch";
			dstSubfolderSpec = 16;
			files = (
				D41E73F227F05805003C05DF /* ActiveMe Watch.app in Embed Watch Content */,
			);
			name = "Embed Watch Content";
			runOnlyForDeploymentPostprocessing = 0;
		};
		D41E73F627F05805003C05DF /* Embed App Extensions */ = {
			isa = PBXCopyFilesBuildPhase;
			buildActionMask = 2147483647;
			dstPath = "";
			dstSubfolderSpec = 13;
			files = (
				D41E73DB27F05804003C05DF /* ActiveMe Watch WatchKit Extension.appex in Embed App Extensions */,
			);
			name = "Embed App Extensions";
			runOnlyForDeploymentPostprocessing = 0;
		};
/* End PBXCopyFilesBuildPhase section */

/* Begin PBXFileReference section */
		3A1043A8275DDCD00017C25C /* HARClassifier.mlmodel */ = {isa = PBXFileReference; lastKnownFileType = file.mlmodel; name = HARClassifier.mlmodel; path = ../../../ML/HARClassifier.mlmodel; sourceTree = "<group>"; };
		3A1043AC275DDD2C0017C25C /* ActivityClassifier.swift */ = {isa = PBXFileReference; lastKnownFileType = sourcecode.swift; path = ActivityClassifier.swift; sourceTree = "<group>"; };
		3A1043AF275DE11B0017C25C /* MotionManager.swift */ = {isa = PBXFileReference; lastKnownFileType = sourcecode.swift; path = MotionManager.swift; sourceTree = "<group>"; };
		3A1043B1275DFC410017C25C /* HomeViewModel.swift */ = {isa = PBXFileReference; lastKnownFileType = sourcecode.swift; name = HomeViewModel.swift; path = ActiveMe/Common/Motion/HomeViewModel.swift; sourceTree = SOURCE_ROOT; };
		3A1043B3275DFE840017C25C /* ActivityClassifierProtocol.swift */ = {isa = PBXFileReference; lastKnownFileType = sourcecode.swift; path = ActivityClassifierProtocol.swift; sourceTree = "<group>"; };
		3A1703622767C40F0023DF67 /* UITextFiewld+Extension.swift */ = {isa = PBXFileReference; lastKnownFileType = sourcecode.swift; path = "UITextFiewld+Extension.swift"; sourceTree = "<group>"; };
		3A1703652767D43A0023DF67 /* ImagePicker.swift */ = {isa = PBXFileReference; lastKnownFileType = sourcecode.swift; path = ImagePicker.swift; sourceTree = "<group>"; };
		3A1703672767E7230023DF67 /* SettingsViewModel.swift */ = {isa = PBXFileReference; lastKnownFileType = sourcecode.swift; name = SettingsViewModel.swift; path = ActiveMe/Common/Pickers/SettingsViewModel.swift; sourceTree = SOURCE_ROOT; };
		3A1703692767E9F10023DF67 /* SettingsModel.swift */ = {isa = PBXFileReference; lastKnownFileType = sourcecode.swift; name = SettingsModel.swift; path = ActiveMe/Common/Pickers/SettingsModel.swift; sourceTree = SOURCE_ROOT; };
		3A29A1C12762927E00A0CE79 /* HomeModel.swift */ = {isa = PBXFileReference; lastKnownFileType = sourcecode.swift; name = HomeModel.swift; path = ActiveMe/Modules/MainTabBar/TabBarControllers/Home/HomeModel.swift; sourceTree = SOURCE_ROOT; };
		3A6A2C6B276122D2006B840E /* PedometerManager.swift */ = {isa = PBXFileReference; lastKnownFileType = sourcecode.swift; path = PedometerManager.swift; sourceTree = "<group>"; };
		3A6A2C7427612C71006B840E /* CareStoreReferenceManager.swift */ = {isa = PBXFileReference; lastKnownFileType = sourcecode.swift; path = CareStoreReferenceManager.swift; sourceTree = "<group>"; };
		3A6A2C7627612F8C006B840E /* OCKStore+Extension.swift */ = {isa = PBXFileReference; lastKnownFileType = sourcecode.swift; path = "OCKStore+Extension.swift"; sourceTree = "<group>"; };
		3A6A2C7F27615F69006B840E /* StorageManager.swift */ = {isa = PBXFileReference; lastKnownFileType = sourcecode.swift; path = StorageManager.swift; sourceTree = "<group>"; };
		3A6A2C8127616B08006B840E /* StorageService.swift */ = {isa = PBXFileReference; lastKnownFileType = sourcecode.swift; path = StorageService.swift; sourceTree = "<group>"; };
		3A6A2C8427616BA0006B840E /* StepsStorable.swift */ = {isa = PBXFileReference; lastKnownFileType = sourcecode.swift; path = StepsStorable.swift; sourceTree = "<group>"; };
		3A6A2C8627616FA7006B840E /* ActivityStorable.swift */ = {isa = PBXFileReference; lastKnownFileType = sourcecode.swift; path = ActivityStorable.swift; sourceTree = "<group>"; };
		3A6A2C89276186BC006B840E /* BackgroundOperation.swift */ = {isa = PBXFileReference; lastKnownFileType = sourcecode.swift; path = BackgroundOperation.swift; sourceTree = "<group>"; };
		3ADAFBCC275A15DB0026A1CC /* WaterBalanceListView.swift */ = {isa = PBXFileReference; lastKnownFileType = sourcecode.swift; path = WaterBalanceListView.swift; sourceTree = "<group>"; };
		3ADAFBCE275A16080026A1CC /* WaterBalanceListViewModel.swift */ = {isa = PBXFileReference; lastKnownFileType = sourcecode.swift; path = WaterBalanceListViewModel.swift; sourceTree = "<group>"; };
		3ADAFBD0275A1C690026A1CC /* WaterBalanceListModel.swift */ = {isa = PBXFileReference; lastKnownFileType = sourcecode.swift; path = WaterBalanceListModel.swift; sourceTree = "<group>"; };
		3ADAFBD2275A273A0026A1CC /* Roboto-Thin.ttf */ = {isa = PBXFileReference; lastKnownFileType = file; path = "Roboto-Thin.ttf"; sourceTree = "<group>"; };
		3ADAFBD4275A27440026A1CC /* Roboto-Bold.ttf */ = {isa = PBXFileReference; lastKnownFileType = file; path = "Roboto-Bold.ttf"; sourceTree = "<group>"; };
		3ADAFBD6275A274E0026A1CC /* Roboto-Regular.ttf */ = {isa = PBXFileReference; lastKnownFileType = file; path = "Roboto-Regular.ttf"; sourceTree = "<group>"; };
		3ADAFBD8275A27560026A1CC /* Roboto-Medium.ttf */ = {isa = PBXFileReference; lastKnownFileType = file; path = "Roboto-Medium.ttf"; sourceTree = "<group>"; };
		3ADAFBDA275A275D0026A1CC /* Roboto-Light.ttf */ = {isa = PBXFileReference; lastKnownFileType = file; path = "Roboto-Light.ttf"; sourceTree = "<group>"; };
		D41E73D227F05801003C05DF /* ActiveMe Watch.app */ = {isa = PBXFileReference; explicitFileType = wrapper.application; includeInIndex = 0; path = "ActiveMe Watch.app"; sourceTree = BUILT_PRODUCTS_DIR; };
		D41E73D427F05804003C05DF /* Assets.xcassets */ = {isa = PBXFileReference; lastKnownFileType = folder.assetcatalog; path = Assets.xcassets; sourceTree = "<group>"; };
		D41E73DA27F05804003C05DF /* ActiveMe Watch WatchKit Extension.appex */ = {isa = PBXFileReference; explicitFileType = "wrapper.app-extension"; includeInIndex = 0; path = "ActiveMe Watch WatchKit Extension.appex"; sourceTree = BUILT_PRODUCTS_DIR; };
		D41E73DF27F05804003C05DF /* ActiveMeApp.swift */ = {isa = PBXFileReference; lastKnownFileType = sourcecode.swift; path = ActiveMeApp.swift; sourceTree = "<group>"; };
		D41E73E127F05804003C05DF /* StartView.swift */ = {isa = PBXFileReference; lastKnownFileType = sourcecode.swift; path = StartView.swift; sourceTree = "<group>"; };
		D41E73E327F05804003C05DF /* NotificationController.swift */ = {isa = PBXFileReference; lastKnownFileType = sourcecode.swift; path = NotificationController.swift; sourceTree = "<group>"; };
		D41E73E527F05804003C05DF /* NotificationView.swift */ = {isa = PBXFileReference; lastKnownFileType = sourcecode.swift; path = NotificationView.swift; sourceTree = "<group>"; };
		D41E73E727F05804003C05DF /* ComplicationController.swift */ = {isa = PBXFileReference; lastKnownFileType = sourcecode.swift; path = ComplicationController.swift; sourceTree = "<group>"; };
		D41E73E927F05805003C05DF /* Assets.xcassets */ = {isa = PBXFileReference; lastKnownFileType = folder.assetcatalog; path = Assets.xcassets; sourceTree = "<group>"; };
		D41E73EC27F05805003C05DF /* Preview Assets.xcassets */ = {isa = PBXFileReference; lastKnownFileType = folder.assetcatalog; path = "Preview Assets.xcassets"; sourceTree = "<group>"; };
		D41E73EE27F05805003C05DF /* Info.plist */ = {isa = PBXFileReference; lastKnownFileType = text.plist.xml; path = Info.plist; sourceTree = "<group>"; };
		D41E73EF27F05805003C05DF /* PushNotificationPayload.apns */ = {isa = PBXFileReference; lastKnownFileType = text; path = PushNotificationPayload.apns; sourceTree = "<group>"; };
		D41F5477275E711E00093D1D /* GraphView.swift */ = {isa = PBXFileReference; lastKnownFileType = sourcecode.swift; path = GraphView.swift; sourceTree = "<group>"; };
		D424DCB12764917800E49132 /* UserDefaultsManager.swift */ = {isa = PBXFileReference; lastKnownFileType = sourcecode.swift; path = UserDefaultsManager.swift; sourceTree = "<group>"; };
		D424DCB3276491E600E49132 /* UserDefaultsKeys.swift */ = {isa = PBXFileReference; lastKnownFileType = sourcecode.swift; path = UserDefaultsKeys.swift; sourceTree = "<group>"; };
		D442C171275AA17800BD8EE6 /* UserParametersCoordinator.swift */ = {isa = PBXFileReference; lastKnownFileType = sourcecode.swift; path = UserParametersCoordinator.swift; sourceTree = "<group>"; };
		D442C174275AAABF00BD8EE6 /* NextButton.swift */ = {isa = PBXFileReference; lastKnownFileType = sourcecode.swift; path = NextButton.swift; sourceTree = "<group>"; };
		D442C17B275AB9C300BD8EE6 /* SliderParametersView.swift */ = {isa = PBXFileReference; lastKnownFileType = sourcecode.swift; path = SliderParametersView.swift; sourceTree = "<group>"; };
		D442C17D275AB9CD00BD8EE6 /* SliderParametersViewModel.swift */ = {isa = PBXFileReference; lastKnownFileType = sourcecode.swift; path = SliderParametersViewModel.swift; sourceTree = "<group>"; };
		D445F92827515035001AA71A /* ActiveMe.app */ = {isa = PBXFileReference; explicitFileType = wrapper.application; includeInIndex = 0; path = ActiveMe.app; sourceTree = BUILT_PRODUCTS_DIR; };
		D445F92B27515035001AA71A /* AppDelegate.swift */ = {isa = PBXFileReference; lastKnownFileType = sourcecode.swift; path = AppDelegate.swift; sourceTree = "<group>"; };
		D445F92D27515035001AA71A /* SceneDelegate.swift */ = {isa = PBXFileReference; lastKnownFileType = sourcecode.swift; path = SceneDelegate.swift; sourceTree = "<group>"; };
		D445F92F27515035001AA71A /* GenderView.swift */ = {isa = PBXFileReference; lastKnownFileType = sourcecode.swift; path = GenderView.swift; sourceTree = "<group>"; };
		D445F93527515036001AA71A /* ActiveMe.xcdatamodel */ = {isa = PBXFileReference; lastKnownFileType = wrapper.xcdatamodel; path = ActiveMe.xcdatamodel; sourceTree = "<group>"; };
		D445F93727515037001AA71A /* Assets.xcassets */ = {isa = PBXFileReference; lastKnownFileType = folder.assetcatalog; path = Assets.xcassets; sourceTree = "<group>"; };
		D445F93A27515037001AA71A /* Base */ = {isa = PBXFileReference; lastKnownFileType = file.storyboard; name = Base; path = Base.lproj/LaunchScreen.storyboard; sourceTree = "<group>"; };
		D445F93C27515037001AA71A /* Info.plist */ = {isa = PBXFileReference; lastKnownFileType = text.plist.xml; path = Info.plist; sourceTree = "<group>"; };
		D445F94127515037001AA71A /* ActiveMeTests.xctest */ = {isa = PBXFileReference; explicitFileType = wrapper.cfbundle; includeInIndex = 0; path = ActiveMeTests.xctest; sourceTree = BUILT_PRODUCTS_DIR; };
		D445F94527515038001AA71A /* ActiveMeTests.swift */ = {isa = PBXFileReference; lastKnownFileType = sourcecode.swift; path = ActiveMeTests.swift; sourceTree = "<group>"; };
		D445F94B27515038001AA71A /* ActiveMeUITests.xctest */ = {isa = PBXFileReference; explicitFileType = wrapper.cfbundle; includeInIndex = 0; path = ActiveMeUITests.xctest; sourceTree = BUILT_PRODUCTS_DIR; };
		D445F94F27515038001AA71A /* ActiveMeUITests.swift */ = {isa = PBXFileReference; lastKnownFileType = sourcecode.swift; path = ActiveMeUITests.swift; sourceTree = "<group>"; };
		D445F95127515038001AA71A /* ActiveMeUITestsLaunchTests.swift */ = {isa = PBXFileReference; lastKnownFileType = sourcecode.swift; path = ActiveMeUITestsLaunchTests.swift; sourceTree = "<group>"; };
		D445F963275152EE001AA71A /* StrokesSlider.swift */ = {isa = PBXFileReference; lastKnownFileType = sourcecode.swift; path = StrokesSlider.swift; sourceTree = "<group>"; };
		D445F96627515395001AA71A /* MainSection.swift */ = {isa = PBXFileReference; lastKnownFileType = sourcecode.swift; path = MainSection.swift; sourceTree = "<group>"; };
		D445F968275153D7001AA71A /* StrokeCell.swift */ = {isa = PBXFileReference; lastKnownFileType = sourcecode.swift; path = StrokeCell.swift; sourceTree = "<group>"; };
		D445F96B2751551C001AA71A /* StrokesSliderCell.swift */ = {isa = PBXFileReference; lastKnownFileType = sourcecode.swift; path = StrokesSliderCell.swift; sourceTree = "<group>"; };
		D445F97327516608001AA71A /* StrokeSliderCellProtocol.swift */ = {isa = PBXFileReference; lastKnownFileType = sourcecode.swift; path = StrokeSliderCellProtocol.swift; sourceTree = "<group>"; };
		D445F97727516951001AA71A /* UICollectionViewCell+Extension.swift */ = {isa = PBXFileReference; lastKnownFileType = sourcecode.swift; path = "UICollectionViewCell+Extension.swift"; sourceTree = "<group>"; };
		D4480FAC27516CA100EDCD22 /* StrokesSliderFlowLayout.swift */ = {isa = PBXFileReference; lastKnownFileType = sourcecode.swift; path = StrokesSliderFlowLayout.swift; sourceTree = "<group>"; };
		D466ADEA2803099A00862E5E /* SummaryView.swift */ = {isa = PBXFileReference; lastKnownFileType = sourcecode.swift; path = SummaryView.swift; sourceTree = "<group>"; };
		D466ADEC28030B5400862E5E /* ActivityRingsView.swift */ = {isa = PBXFileReference; lastKnownFileType = sourcecode.swift; path = ActivityRingsView.swift; sourceTree = "<group>"; };
		D48D70E827F07FC4002F5002 /* SessionDelegate.swift */ = {isa = PBXFileReference; lastKnownFileType = sourcecode.swift; path = SessionDelegate.swift; sourceTree = "<group>"; };
		D48D70EA27F0824C002F5002 /* DataTransferManager.swift */ = {isa = PBXFileReference; lastKnownFileType = sourcecode.swift; path = DataTransferManager.swift; sourceTree = "<group>"; };
		D48D70EC27F08368002F5002 /* CommandStatus.swift */ = {isa = PBXFileReference; lastKnownFileType = sourcecode.swift; path = CommandStatus.swift; sourceTree = "<group>"; };
		D48E1E42275380500034DDBE /* GenderButton.swift */ = {isa = PBXFileReference; lastKnownFileType = sourcecode.swift; path = GenderButton.swift; sourceTree = "<group>"; };
		D48E1E44275386FF0034DDBE /* UIColor+Extension.swift */ = {isa = PBXFileReference; lastKnownFileType = sourcecode.swift; path = "UIColor+Extension.swift"; sourceTree = "<group>"; };
		D48E1E462753887A0034DDBE /* UIFont+Extension.swift */ = {isa = PBXFileReference; lastKnownFileType = sourcecode.swift; path = "UIFont+Extension.swift"; sourceTree = "<group>"; };
		D48E1E5B2753C8220034DDBE /* GenderViewModel.swift */ = {isa = PBXFileReference; lastKnownFileType = sourcecode.swift; path = GenderViewModel.swift; sourceTree = "<group>"; };
		D48E1E612753E33F0034DDBE /* UIViewController+Extension.swift */ = {isa = PBXFileReference; lastKnownFileType = sourcecode.swift; path = "UIViewController+Extension.swift"; sourceTree = "<group>"; };
		D48E1E6A275419EE0034DDBE /* BaseCoordinator.swift */ = {isa = PBXFileReference; lastKnownFileType = sourcecode.swift; path = BaseCoordinator.swift; sourceTree = "<group>"; };
		D48E1E6D27541B6F0034DDBE /* AppCoordinator.swift */ = {isa = PBXFileReference; lastKnownFileType = sourcecode.swift; path = AppCoordinator.swift; sourceTree = "<group>"; };
		D49ABA24275E96AD00573BCD /* CorePlot.framework */ = {isa = PBXFileReference; explicitFileType = wrapper.framework; path = CorePlot.framework; sourceTree = BUILT_PRODUCTS_DIR; };
		D4A9579D2802E50100E98FF4 /* WorkoutManager.swift */ = {isa = PBXFileReference; lastKnownFileType = sourcecode.swift; path = WorkoutManager.swift; sourceTree = "<group>"; };
		D4A9579F2802E80900E98FF4 /* HealthKit.framework */ = {isa = PBXFileReference; lastKnownFileType = wrapper.framework; name = HealthKit.framework; path = System/Library/Frameworks/HealthKit.framework; sourceTree = SDKROOT; };
		D4A957A12802E81D00E98FF4 /* WatchConnectivity.framework */ = {isa = PBXFileReference; lastKnownFileType = wrapper.framework; name = WatchConnectivity.framework; path = System/Library/Frameworks/WatchConnectivity.framework; sourceTree = SDKROOT; };
		D4A957A32802E85900E98FF4 /* ActiveMe Watch WatchKit Extension.entitlements */ = {isa = PBXFileReference; lastKnownFileType = text.plist.entitlements; path = "ActiveMe Watch WatchKit Extension.entitlements"; sourceTree = "<group>"; };
		D4A957A42802E85900E98FF4 /* HealthKit.framework */ = {isa = PBXFileReference; lastKnownFileType = wrapper.framework; name = HealthKit.framework; path = Platforms/WatchOS.platform/Developer/SDKs/WatchOS8.5.sdk/System/Library/Frameworks/HealthKit.framework; sourceTree = DEVELOPER_DIR; };
		D4A957AA2802F0D800E98FF4 /* SessionView.swift */ = {isa = PBXFileReference; lastKnownFileType = sourcecode.swift; path = SessionView.swift; sourceTree = "<group>"; };
		D4A957AC2802F13800E98FF4 /* ControlsView.swift */ = {isa = PBXFileReference; lastKnownFileType = sourcecode.swift; path = ControlsView.swift; sourceTree = "<group>"; };
		D4A957AE2802F1DD00E98FF4 /* MetricsView.swift */ = {isa = PBXFileReference; lastKnownFileType = sourcecode.swift; path = MetricsView.swift; sourceTree = "<group>"; };
		D4A957B02802F29F00E98FF4 /* ElapsedTimeView.swift */ = {isa = PBXFileReference; lastKnownFileType = sourcecode.swift; path = ElapsedTimeView.swift; sourceTree = "<group>"; };
		D4A957B22802F4E500E98FF4 /* Colors.xcassets */ = {isa = PBXFileReference; lastKnownFileType = folder.assetcatalog; path = Colors.xcassets; sourceTree = "<group>"; };
		D4AA4F3B275BB11C002DBE23 /* MainTabBarView.swift */ = {isa = PBXFileReference; lastKnownFileType = sourcecode.swift; path = MainTabBarView.swift; sourceTree = "<group>"; };
		D4CA4EA0275EA1A800A8FE62 /* ActivityViewModel.swift */ = {isa = PBXFileReference; lastKnownFileType = sourcecode.swift; path = ActivityViewModel.swift; sourceTree = "<group>"; };
		D4DCA875275BE3E00072F725 /* MainTabBarCoordinator.swift */ = {isa = PBXFileReference; lastKnownFileType = sourcecode.swift; path = MainTabBarCoordinator.swift; sourceTree = "<group>"; };
		D4DCA878275BE6890072F725 /* HomeView.swift */ = {isa = PBXFileReference; lastKnownFileType = sourcecode.swift; path = HomeView.swift; sourceTree = "<group>"; };
		D4DCA87A275BE6C10072F725 /* ActivityView.swift */ = {isa = PBXFileReference; lastKnownFileType = sourcecode.swift; path = ActivityView.swift; sourceTree = "<group>"; };
		D4DCA87C275BE6D40072F725 /* SettingsView.swift */ = {isa = PBXFileReference; lastKnownFileType = sourcecode.swift; path = SettingsView.swift; sourceTree = "<group>"; };
/* End PBXFileReference section */

/* Begin PBXFrameworksBuildPhase section */
		D41E73D727F05804003C05DF /* Frameworks */ = {
			isa = PBXFrameworksBuildPhase;
			buildActionMask = 2147483647;
			files = (
				D4A957A52802E85900E98FF4 /* HealthKit.framework in Frameworks */,
			);
			runOnlyForDeploymentPostprocessing = 0;
		};
		D445F92527515035001AA71A /* Frameworks */ = {
			isa = PBXFrameworksBuildPhase;
			buildActionMask = 2147483647;
			files = (
				3A6A2C7027612BA7006B840E /* CareKitStore in Frameworks */,
				3A6A2C6E27612BA7006B840E /* CareKit in Frameworks */,
				3A6A2C7227612BA7006B840E /* CareKitUI in Frameworks */,
				D48E1E56275399B00034DDBE /* RxCocoa in Frameworks */,
				D445F96F27515CBA001AA71A /* SnapKit in Frameworks */,
				D4A957A22802E81D00E98FF4 /* WatchConnectivity.framework in Frameworks */,
				D4A957A02802E80900E98FF4 /* HealthKit.framework in Frameworks */,
				D48E1E58275399B00034DDBE /* RxSwift in Frameworks */,
				D445F9722751654C001AA71A /* GRDB in Frameworks */,
			);
			runOnlyForDeploymentPostprocessing = 0;
		};
		D445F93E27515037001AA71A /* Frameworks */ = {
			isa = PBXFrameworksBuildPhase;
			buildActionMask = 2147483647;
			files = (
			);
			runOnlyForDeploymentPostprocessing = 0;
		};
		D445F94827515038001AA71A /* Frameworks */ = {
			isa = PBXFrameworksBuildPhase;
			buildActionMask = 2147483647;
			files = (
			);
			runOnlyForDeploymentPostprocessing = 0;
		};
/* End PBXFrameworksBuildPhase section */

/* Begin PBXGroup section */
		3A1043A7275DDCAD0017C25C /* ML models */ = {
			isa = PBXGroup;
			children = (
				3A1043A8275DDCD00017C25C /* HARClassifier.mlmodel */,
			);
			path = "ML models";
			sourceTree = "<group>";
		};
		3A1043AB275DDD190017C25C /* ML */ = {
			isa = PBXGroup;
			children = (
				3A1043AC275DDD2C0017C25C /* ActivityClassifier.swift */,
				3A1043B3275DFE840017C25C /* ActivityClassifierProtocol.swift */,
			);
			path = ML;
			sourceTree = "<group>";
		};
		3A1043AE275DE10A0017C25C /* Motion */ = {
			isa = PBXGroup;
			children = (
				3A1043AF275DE11B0017C25C /* MotionManager.swift */,
				3A6A2C6B276122D2006B840E /* PedometerManager.swift */,
			);
			path = Motion;
			sourceTree = "<group>";
		};
		3A1703642767D42E0023DF67 /* Pickers */ = {
			isa = PBXGroup;
			children = (
				3A1703652767D43A0023DF67 /* ImagePicker.swift */,
			);
			path = Pickers;
			sourceTree = "<group>";
		};
		3A6A2C7327612C52006B840E /* CareStorage */ = {
			isa = PBXGroup;
			children = (
				3A6A2C7427612C71006B840E /* CareStoreReferenceManager.swift */,
			);
			path = CareStorage;
			sourceTree = "<group>";
		};
		3A6A2C7E27615F49006B840E /* DataManager */ = {
			isa = PBXGroup;
			children = (
				D424DCB02764916300E49132 /* UserDefaultsManager */,
				D424DCAF2764915600E49132 /* StorageManager */,
			);
			path = DataManager;
			sourceTree = "<group>";
		};
		3A6A2C8327616B83006B840E /* StorableModels */ = {
			isa = PBXGroup;
			children = (
				3A6A2C8427616BA0006B840E /* StepsStorable.swift */,
				3A6A2C8627616FA7006B840E /* ActivityStorable.swift */,
			);
			path = StorableModels;
			sourceTree = "<group>";
		};
		3A6A2C8827618692006B840E /* BackgroundOperation */ = {
			isa = PBXGroup;
			children = (
				3A6A2C89276186BC006B840E /* BackgroundOperation.swift */,
			);
			path = BackgroundOperation;
			sourceTree = "<group>";
		};
		3ADAFBCA275A15980026A1CC /* WaterBalance */ = {
			isa = PBXGroup;
			children = (
				3ADAFBCB275A15A40026A1CC /* WaterBalanceList */,
			);
			path = WaterBalance;
			sourceTree = "<group>";
		};
		3ADAFBCB275A15A40026A1CC /* WaterBalanceList */ = {
			isa = PBXGroup;
			children = (
				3ADAFBCC275A15DB0026A1CC /* WaterBalanceListView.swift */,
				3ADAFBCE275A16080026A1CC /* WaterBalanceListViewModel.swift */,
				3ADAFBD0275A1C690026A1CC /* WaterBalanceListModel.swift */,
			);
			path = WaterBalanceList;
			sourceTree = "<group>";
		};
		D41E73D327F05801003C05DF /* ActiveMe Watch */ = {
			isa = PBXGroup;
			children = (
				D41E73D427F05804003C05DF /* Assets.xcassets */,
			);
			path = "ActiveMe Watch";
			sourceTree = "<group>";
		};
		D41E73DE27F05804003C05DF /* ActiveMe Watch WatchKit Extension */ = {
			isa = PBXGroup;
			children = (
				D4A957A32802E85900E98FF4 /* ActiveMe Watch WatchKit Extension.entitlements */,
				D41E73EE27F05805003C05DF /* Info.plist */,
				D4A957A92802F0AF00E98FF4 /* Resources */,
				D4A957A82802F0A000E98FF4 /* App */,
				D4A957A62802F08300E98FF4 /* Views */,
				D4A9579C2802E4F000E98FF4 /* WorkoutManager */,
				D41E73EB27F05805003C05DF /* Preview Content */,
			);
			path = "ActiveMe Watch WatchKit Extension";
			sourceTree = "<group>";
		};
		D41E73EB27F05805003C05DF /* Preview Content */ = {
			isa = PBXGroup;
			children = (
				D41E73EC27F05805003C05DF /* Preview Assets.xcassets */,
			);
			path = "Preview Content";
			sourceTree = "<group>";
		};
		D41F5476275E710F00093D1D /* Graph */ = {
			isa = PBXGroup;
			children = (
				D41F5477275E711E00093D1D /* GraphView.swift */,
			);
			path = Graph;
			sourceTree = "<group>";
		};
		D424DCAF2764915600E49132 /* StorageManager */ = {
			isa = PBXGroup;
			children = (
				3A6A2C8327616B83006B840E /* StorableModels */,
				3A6A2C7F27615F69006B840E /* StorageManager.swift */,
				3A6A2C8127616B08006B840E /* StorageService.swift */,
			);
			path = StorageManager;
			sourceTree = "<group>";
		};
		D424DCB02764916300E49132 /* UserDefaultsManager */ = {
			isa = PBXGroup;
			children = (
				D424DCB12764917800E49132 /* UserDefaultsManager.swift */,
				D424DCB3276491E600E49132 /* UserDefaultsKeys.swift */,
			);
			path = UserDefaultsManager;
			sourceTree = "<group>";
		};
		D442C173275AAAB100BD8EE6 /* NextButton */ = {
			isa = PBXGroup;
			children = (
				D442C174275AAABF00BD8EE6 /* NextButton.swift */,
			);
			path = NextButton;
			sourceTree = "<group>";
		};
		D442C176275AB99700BD8EE6 /* UserParameters */ = {
			isa = PBXGroup;
			children = (
				D4A20654275A63D600453330 /* Coordinator */,
				D442C177275AB9A400BD8EE6 /* SliderParameters */,
				D48E1E5A2753C7C90034DDBE /* Gender */,
			);
			path = UserParameters;
			sourceTree = "<group>";
		};
		D442C177275AB9A400BD8EE6 /* SliderParameters */ = {
			isa = PBXGroup;
			children = (
				D442C17A275AB9B600BD8EE6 /* ViewModel */,
				D442C179275AB9B200BD8EE6 /* View */,
			);
			path = SliderParameters;
			sourceTree = "<group>";
		};
		D442C179275AB9B200BD8EE6 /* View */ = {
			isa = PBXGroup;
			children = (
				D442C17B275AB9C300BD8EE6 /* SliderParametersView.swift */,
			);
			path = View;
			sourceTree = "<group>";
		};
		D442C17A275AB9B600BD8EE6 /* ViewModel */ = {
			isa = PBXGroup;
			children = (
				D442C17D275AB9CD00BD8EE6 /* SliderParametersViewModel.swift */,
			);
			path = ViewModel;
			sourceTree = "<group>";
		};
		D445F91F27515035001AA71A = {
			isa = PBXGroup;
			children = (
				D48D70E727F07FB5002F5002 /* Shared */,
				D445F92A27515035001AA71A /* ActiveMe */,
				D445F94427515037001AA71A /* ActiveMeTests */,
				D445F94E27515038001AA71A /* ActiveMeUITests */,
				D41E73D327F05801003C05DF /* ActiveMe Watch */,
				D41E73DE27F05804003C05DF /* ActiveMe Watch WatchKit Extension */,
				D445F92927515035001AA71A /* Products */,
				D49ABA23275E96AD00573BCD /* Frameworks */,
			);
			sourceTree = "<group>";
		};
		D445F92927515035001AA71A /* Products */ = {
			isa = PBXGroup;
			children = (
				D445F92827515035001AA71A /* ActiveMe.app */,
				D445F94127515037001AA71A /* ActiveMeTests.xctest */,
				D445F94B27515038001AA71A /* ActiveMeUITests.xctest */,
				D41E73D227F05801003C05DF /* ActiveMe Watch.app */,
				D41E73DA27F05804003C05DF /* ActiveMe Watch WatchKit Extension.appex */,
			);
			name = Products;
			sourceTree = "<group>";
		};
		D445F92A27515035001AA71A /* ActiveMe */ = {
			isa = PBXGroup;
			children = (
				3A1043A7275DDCAD0017C25C /* ML models */,
				D445F95E27515054001AA71A /* App */,
				D445F9762751693B001AA71A /* Extensions */,
				D445F96027515227001AA71A /* Common */,
				D48E1E592753C7C00034DDBE /* Modules */,
				D445F95F27515066001AA71A /* SupportingFiles */,
				D445F93C27515037001AA71A /* Info.plist */,
			);
			path = ActiveMe;
			sourceTree = "<group>";
		};
		D445F94427515037001AA71A /* ActiveMeTests */ = {
			isa = PBXGroup;
			children = (
				D445F94527515038001AA71A /* ActiveMeTests.swift */,
			);
			path = ActiveMeTests;
			sourceTree = "<group>";
		};
		D445F94E27515038001AA71A /* ActiveMeUITests */ = {
			isa = PBXGroup;
			children = (
				D445F94F27515038001AA71A /* ActiveMeUITests.swift */,
				D445F95127515038001AA71A /* ActiveMeUITestsLaunchTests.swift */,
			);
			path = ActiveMeUITests;
			sourceTree = "<group>";
		};
		D445F95E27515054001AA71A /* App */ = {
			isa = PBXGroup;
			children = (
				3A6A2C8827618692006B840E /* BackgroundOperation */,
				D48E1E602753E3170034DDBE /* AppCoordinator */,
				D445F92B27515035001AA71A /* AppDelegate.swift */,
				D445F92D27515035001AA71A /* SceneDelegate.swift */,
			);
			path = App;
			sourceTree = "<group>";
		};
		D445F95F27515066001AA71A /* SupportingFiles */ = {
			isa = PBXGroup;
			children = (
				D4480FAE2751775600EDCD22 /* Fonts */,
				D445F93727515037001AA71A /* Assets.xcassets */,
				D445F93927515037001AA71A /* LaunchScreen.storyboard */,
				D445F93427515036001AA71A /* ActiveMe.xcdatamodeld */,
			);
			path = SupportingFiles;
			sourceTree = "<group>";
		};
		D445F96027515227001AA71A /* Common */ = {
			isa = PBXGroup;
			children = (
				3A1703642767D42E0023DF67 /* Pickers */,
				3A6A2C7E27615F49006B840E /* DataManager */,
				3A6A2C7327612C52006B840E /* CareStorage */,
				3A1043AE275DE10A0017C25C /* Motion */,
				3A1043AB275DDD190017C25C /* ML */,
				D445F9612751522F001AA71A /* UI */,
			);
			path = Common;
			sourceTree = "<group>";
		};
		D445F9612751522F001AA71A /* UI */ = {
			isa = PBXGroup;
			children = (
				D442C173275AAAB100BD8EE6 /* NextButton */,
				D48E1E412753803C0034DDBE /* GenderButton */,
				D445F96227515235001AA71A /* StrokesSlider */,
			);
			path = UI;
			sourceTree = "<group>";
		};
		D445F96227515235001AA71A /* StrokesSlider */ = {
			isa = PBXGroup;
			children = (
				D445F96A27515508001AA71A /* Cell */,
				D445F96527515380001AA71A /* DiffableDataSource */,
				D445F963275152EE001AA71A /* StrokesSlider.swift */,
				D4480FAC27516CA100EDCD22 /* StrokesSliderFlowLayout.swift */,
			);
			path = StrokesSlider;
			sourceTree = "<group>";
		};
		D445F96527515380001AA71A /* DiffableDataSource */ = {
			isa = PBXGroup;
			children = (
				D445F96627515395001AA71A /* MainSection.swift */,
				D445F968275153D7001AA71A /* StrokeCell.swift */,
			);
			path = DiffableDataSource;
			sourceTree = "<group>";
		};
		D445F96A27515508001AA71A /* Cell */ = {
			isa = PBXGroup;
			children = (
				D445F96B2751551C001AA71A /* StrokesSliderCell.swift */,
				D445F97327516608001AA71A /* StrokeSliderCellProtocol.swift */,
			);
			path = Cell;
			sourceTree = "<group>";
		};
		D445F9762751693B001AA71A /* Extensions */ = {
			isa = PBXGroup;
			children = (
				D445F97727516951001AA71A /* UICollectionViewCell+Extension.swift */,
				D48E1E44275386FF0034DDBE /* UIColor+Extension.swift */,
				D48E1E462753887A0034DDBE /* UIFont+Extension.swift */,
				D48E1E612753E33F0034DDBE /* UIViewController+Extension.swift */,
				3A6A2C7627612F8C006B840E /* OCKStore+Extension.swift */,
				3A1703622767C40F0023DF67 /* UITextFiewld+Extension.swift */,
			);
			path = Extensions;
			sourceTree = "<group>";
		};
		D4480FAE2751775600EDCD22 /* Fonts */ = {
			isa = PBXGroup;
			children = (
				3ADAFBD2275A273A0026A1CC /* Roboto-Thin.ttf */,
				3ADAFBD4275A27440026A1CC /* Roboto-Bold.ttf */,
				3ADAFBD6275A274E0026A1CC /* Roboto-Regular.ttf */,
				3ADAFBDA275A275D0026A1CC /* Roboto-Light.ttf */,
				3ADAFBD8275A27560026A1CC /* Roboto-Medium.ttf */,
			);
			path = Fonts;
			sourceTree = "<group>";
		};
		D48D70E727F07FB5002F5002 /* Shared */ = {
			isa = PBXGroup;
			children = (
				D48D70E827F07FC4002F5002 /* SessionDelegate.swift */,
				D48D70EA27F0824C002F5002 /* DataTransferManager.swift */,
				D48D70EC27F08368002F5002 /* CommandStatus.swift */,
			);
			path = Shared;
			sourceTree = "<group>";
		};
		D48E1E412753803C0034DDBE /* GenderButton */ = {
			isa = PBXGroup;
			children = (
				D48E1E42275380500034DDBE /* GenderButton.swift */,
			);
			path = GenderButton;
			sourceTree = "<group>";
		};
		D48E1E592753C7C00034DDBE /* Modules */ = {
			isa = PBXGroup;
			children = (
				D4AA4F38275BB0E6002DBE23 /* MainTabBar */,
				D442C176275AB99700BD8EE6 /* UserParameters */,
				3ADAFBCA275A15980026A1CC /* WaterBalance */,
			);
			path = Modules;
			sourceTree = "<group>";
		};
		D48E1E5A2753C7C90034DDBE /* Gender */ = {
			isa = PBXGroup;
			children = (
				D48E1E5F2753C9F80034DDBE /* Model */,
				D48E1E5E2753C9F40034DDBE /* View */,
				D48E1E5D2753C9EE0034DDBE /* ViewModel */,
			);
			path = Gender;
			sourceTree = "<group>";
		};
		D48E1E5D2753C9EE0034DDBE /* ViewModel */ = {
			isa = PBXGroup;
			children = (
				D48E1E5B2753C8220034DDBE /* GenderViewModel.swift */,
			);
			path = ViewModel;
			sourceTree = "<group>";
		};
		D48E1E5E2753C9F40034DDBE /* View */ = {
			isa = PBXGroup;
			children = (
				D445F92F27515035001AA71A /* GenderView.swift */,
			);
			path = View;
			sourceTree = "<group>";
		};
		D48E1E5F2753C9F80034DDBE /* Model */ = {
			isa = PBXGroup;
			children = (
			);
			path = Model;
			sourceTree = "<group>";
		};
		D48E1E602753E3170034DDBE /* AppCoordinator */ = {
			isa = PBXGroup;
			children = (
				D48E1E6C27541B520034DDBE /* BaseCoordinator */,
				D48E1E6D27541B6F0034DDBE /* AppCoordinator.swift */,
			);
			path = AppCoordinator;
			sourceTree = "<group>";
		};
		D48E1E6C27541B520034DDBE /* BaseCoordinator */ = {
			isa = PBXGroup;
			children = (
				D48E1E6A275419EE0034DDBE /* BaseCoordinator.swift */,
			);
			path = BaseCoordinator;
			sourceTree = "<group>";
		};
		D49ABA23275E96AD00573BCD /* Frameworks */ = {
			isa = PBXGroup;
			children = (
				D4A957A42802E85900E98FF4 /* HealthKit.framework */,
				D4A957A12802E81D00E98FF4 /* WatchConnectivity.framework */,
				D4A9579F2802E80900E98FF4 /* HealthKit.framework */,
				D49ABA24275E96AD00573BCD /* CorePlot.framework */,
			);
			name = Frameworks;
			sourceTree = "<group>";
		};
		D4A20654275A63D600453330 /* Coordinator */ = {
			isa = PBXGroup;
			children = (
				D442C171275AA17800BD8EE6 /* UserParametersCoordinator.swift */,
			);
			path = Coordinator;
			sourceTree = "<group>";
		};
		D4A9579C2802E4F000E98FF4 /* WorkoutManager */ = {
			isa = PBXGroup;
			children = (
				D4A9579D2802E50100E98FF4 /* WorkoutManager.swift */,
			);
			path = WorkoutManager;
			sourceTree = "<group>";
		};
		D4A957A62802F08300E98FF4 /* Views */ = {
			isa = PBXGroup;
			children = (
				D4A957A72802F09000E98FF4 /* Notification */,
				D41E73E127F05804003C05DF /* StartView.swift */,
				D4A957AA2802F0D800E98FF4 /* SessionView.swift */,
				D4A957AC2802F13800E98FF4 /* ControlsView.swift */,
				D4A957AE2802F1DD00E98FF4 /* MetricsView.swift */,
				D4A957B02802F29F00E98FF4 /* ElapsedTimeView.swift */,
				D466ADEA2803099A00862E5E /* SummaryView.swift */,
				D466ADEC28030B5400862E5E /* ActivityRingsView.swift */,
			);
			name = Views;
			sourceTree = "<group>";
		};
		D4A957A72802F09000E98FF4 /* Notification */ = {
			isa = PBXGroup;
			children = (
				D41E73E527F05804003C05DF /* NotificationView.swift */,
			);
			name = Notification;
			sourceTree = "<group>";
		};
		D4A957A82802F0A000E98FF4 /* App */ = {
			isa = PBXGroup;
			children = (
				D41E73E727F05804003C05DF /* ComplicationController.swift */,
				D41E73E327F05804003C05DF /* NotificationController.swift */,
				D41E73DF27F05804003C05DF /* ActiveMeApp.swift */,
			);
			path = App;
			sourceTree = "<group>";
		};
		D4A957A92802F0AF00E98FF4 /* Resources */ = {
			isa = PBXGroup;
			children = (
				D41E73E927F05805003C05DF /* Assets.xcassets */,
				D41E73EF27F05805003C05DF /* PushNotificationPayload.apns */,
				D4A957B22802F4E500E98FF4 /* Colors.xcassets */,
			);
			path = Resources;
			sourceTree = "<group>";
		};
		D4AA4F38275BB0E6002DBE23 /* MainTabBar */ = {
			isa = PBXGroup;
			children = (
				D4DCA877275BE4870072F725 /* TabBarControllers */,
				D4DCA874275BE3CC0072F725 /* Coordinator */,
				D4AA4F3A275BB105002DBE23 /* ViewModel */,
				D4AA4F39275BB100002DBE23 /* View */,
			);
			path = MainTabBar;
			sourceTree = "<group>";
		};
		D4AA4F39275BB100002DBE23 /* View */ = {
			isa = PBXGroup;
			children = (
				D4AA4F3B275BB11C002DBE23 /* MainTabBarView.swift */,
			);
			path = View;
			sourceTree = "<group>";
		};
		D4AA4F3A275BB105002DBE23 /* ViewModel */ = {
			isa = PBXGroup;
			children = (
			);
			path = ViewModel;
			sourceTree = "<group>";
		};
		D4DCA868275BE36E0072F725 /* Home */ = {
			isa = PBXGroup;
			children = (
				D4DCA86D275BE38D0072F725 /* Model */,
				D4DCA86C275BE3870072F725 /* ViewModel */,
				D4DCA86B275BE3810072F725 /* View */,
			);
			path = Home;
			sourceTree = "<group>";
		};
		D4DCA869275BE3750072F725 /* Activity */ = {
			isa = PBXGroup;
			children = (
				D41F5476275E710F00093D1D /* Graph */,
				D4DCA870275BE3A10072F725 /* Model */,
				D4DCA86F275BE39C0072F725 /* ViewModel */,
				D4DCA86E275BE3970072F725 /* View */,
			);
			path = Activity;
			sourceTree = "<group>";
		};
		D4DCA86A275BE37B0072F725 /* Settings */ = {
			isa = PBXGroup;
			children = (
				D4DCA873275BE3C40072F725 /* Model */,
				D4DCA872275BE3BF0072F725 /* ViewModel */,
				D4DCA871275BE3BC0072F725 /* View */,
			);
			path = Settings;
			sourceTree = "<group>";
		};
		D4DCA86B275BE3810072F725 /* View */ = {
			isa = PBXGroup;
			children = (
				D4DCA878275BE6890072F725 /* HomeView.swift */,
			);
			path = View;
			sourceTree = "<group>";
		};
		D4DCA86C275BE3870072F725 /* ViewModel */ = {
			isa = PBXGroup;
			children = (
				3A1043B1275DFC410017C25C /* HomeViewModel.swift */,
			);
			path = ViewModel;
			sourceTree = "<group>";
		};
		D4DCA86D275BE38D0072F725 /* Model */ = {
			isa = PBXGroup;
			children = (
				3A29A1C12762927E00A0CE79 /* HomeModel.swift */,
			);
			path = Model;
			sourceTree = "<group>";
		};
		D4DCA86E275BE3970072F725 /* View */ = {
			isa = PBXGroup;
			children = (
				D4DCA87A275BE6C10072F725 /* ActivityView.swift */,
			);
			path = View;
			sourceTree = "<group>";
		};
		D4DCA86F275BE39C0072F725 /* ViewModel */ = {
			isa = PBXGroup;
			children = (
				D4CA4EA0275EA1A800A8FE62 /* ActivityViewModel.swift */,
			);
			path = ViewModel;
			sourceTree = "<group>";
		};
		D4DCA870275BE3A10072F725 /* Model */ = {
			isa = PBXGroup;
			children = (
			);
			path = Model;
			sourceTree = "<group>";
		};
		D4DCA871275BE3BC0072F725 /* View */ = {
			isa = PBXGroup;
			children = (
				D4DCA87C275BE6D40072F725 /* SettingsView.swift */,
			);
			path = View;
			sourceTree = "<group>";
		};
		D4DCA872275BE3BF0072F725 /* ViewModel */ = {
			isa = PBXGroup;
			children = (
				3A1703672767E7230023DF67 /* SettingsViewModel.swift */,
			);
			path = ViewModel;
			sourceTree = "<group>";
		};
		D4DCA873275BE3C40072F725 /* Model */ = {
			isa = PBXGroup;
			children = (
				3A1703692767E9F10023DF67 /* SettingsModel.swift */,
			);
			path = Model;
			sourceTree = "<group>";
		};
		D4DCA874275BE3CC0072F725 /* Coordinator */ = {
			isa = PBXGroup;
			children = (
				D4DCA875275BE3E00072F725 /* MainTabBarCoordinator.swift */,
			);
			path = Coordinator;
			sourceTree = "<group>";
		};
		D4DCA877275BE4870072F725 /* TabBarControllers */ = {
			isa = PBXGroup;
			children = (
				D4DCA86A275BE37B0072F725 /* Settings */,
				D4DCA869275BE3750072F725 /* Activity */,
				D4DCA868275BE36E0072F725 /* Home */,
			);
			path = TabBarControllers;
			sourceTree = "<group>";
		};
/* End PBXGroup section */

/* Begin PBXNativeTarget section */
		D41E73D127F05801003C05DF /* ActiveMe Watch */ = {
			isa = PBXNativeTarget;
			buildConfigurationList = D41E73FA27F05805003C05DF /* Build configuration list for PBXNativeTarget "ActiveMe Watch" */;
			buildPhases = (
				D41E73D027F05801003C05DF /* Resources */,
				D41E73F627F05805003C05DF /* Embed App Extensions */,
			);
			buildRules = (
			);
			dependencies = (
				D41E73DD27F05804003C05DF /* PBXTargetDependency */,
			);
			name = "ActiveMe Watch";
			productName = "ActiveMe Watch";
			productReference = D41E73D227F05801003C05DF /* ActiveMe Watch.app */;
			productType = "com.apple.product-type.application.watchapp2";
		};
		D41E73D927F05804003C05DF /* ActiveMe Watch WatchKit Extension */ = {
			isa = PBXNativeTarget;
			buildConfigurationList = D41E73F927F05805003C05DF /* Build configuration list for PBXNativeTarget "ActiveMe Watch WatchKit Extension" */;
			buildPhases = (
				D41E73D627F05804003C05DF /* Sources */,
				D41E73D727F05804003C05DF /* Frameworks */,
				D41E73D827F05804003C05DF /* Resources */,
			);
			buildRules = (
			);
			dependencies = (
			);
			name = "ActiveMe Watch WatchKit Extension";
			productName = "ActiveMe Watch WatchKit Extension";
			productReference = D41E73DA27F05804003C05DF /* ActiveMe Watch WatchKit Extension.appex */;
			productType = "com.apple.product-type.watchkit2-extension";
		};
		D445F92727515035001AA71A /* ActiveMe */ = {
			isa = PBXNativeTarget;
			buildConfigurationList = D445F95527515038001AA71A /* Build configuration list for PBXNativeTarget "ActiveMe" */;
			buildPhases = (
				D445F92427515035001AA71A /* Sources */,
				D445F92527515035001AA71A /* Frameworks */,
				D445F92627515035001AA71A /* Resources */,
				D41E73F327F05805003C05DF /* Embed Watch Content */,
			);
			buildRules = (
			);
			dependencies = (
				D41E73F127F05805003C05DF /* PBXTargetDependency */,
			);
			name = ActiveMe;
			packageProductDependencies = (
				D445F96E27515CBA001AA71A /* SnapKit */,
				D445F9712751654C001AA71A /* GRDB */,
				D48E1E55275399B00034DDBE /* RxCocoa */,
				D48E1E57275399B00034DDBE /* RxSwift */,
				3A6A2C6D27612BA7006B840E /* CareKit */,
				3A6A2C6F27612BA7006B840E /* CareKitStore */,
				3A6A2C7127612BA7006B840E /* CareKitUI */,
			);
			productName = ActiveMe;
			productReference = D445F92827515035001AA71A /* ActiveMe.app */;
			productType = "com.apple.product-type.application";
		};
		D445F94027515037001AA71A /* ActiveMeTests */ = {
			isa = PBXNativeTarget;
			buildConfigurationList = D445F95827515038001AA71A /* Build configuration list for PBXNativeTarget "ActiveMeTests" */;
			buildPhases = (
				D445F93D27515037001AA71A /* Sources */,
				D445F93E27515037001AA71A /* Frameworks */,
				D445F93F27515037001AA71A /* Resources */,
			);
			buildRules = (
			);
			dependencies = (
				D445F94327515037001AA71A /* PBXTargetDependency */,
			);
			name = ActiveMeTests;
			productName = ActiveMeTests;
			productReference = D445F94127515037001AA71A /* ActiveMeTests.xctest */;
			productType = "com.apple.product-type.bundle.unit-test";
		};
		D445F94A27515038001AA71A /* ActiveMeUITests */ = {
			isa = PBXNativeTarget;
			buildConfigurationList = D445F95B27515038001AA71A /* Build configuration list for PBXNativeTarget "ActiveMeUITests" */;
			buildPhases = (
				D445F94727515038001AA71A /* Sources */,
				D445F94827515038001AA71A /* Frameworks */,
				D445F94927515038001AA71A /* Resources */,
			);
			buildRules = (
			);
			dependencies = (
				D445F94D27515038001AA71A /* PBXTargetDependency */,
			);
			name = ActiveMeUITests;
			productName = ActiveMeUITests;
			productReference = D445F94B27515038001AA71A /* ActiveMeUITests.xctest */;
			productType = "com.apple.product-type.bundle.ui-testing";
		};
/* End PBXNativeTarget section */

/* Begin PBXProject section */
		D445F92027515035001AA71A /* Project object */ = {
			isa = PBXProject;
			attributes = {
				BuildIndependentTargetsInParallel = 1;
				LastSwiftUpdateCheck = 1330;
				LastUpgradeCheck = 1310;
				TargetAttributes = {
					D41E73D127F05801003C05DF = {
						CreatedOnToolsVersion = 13.3;
					};
					D41E73D927F05804003C05DF = {
						CreatedOnToolsVersion = 13.3;
					};
					D445F92727515035001AA71A = {
						CreatedOnToolsVersion = 13.1;
					};
					D445F94027515037001AA71A = {
						CreatedOnToolsVersion = 13.1;
						TestTargetID = D445F92727515035001AA71A;
					};
					D445F94A27515038001AA71A = {
						CreatedOnToolsVersion = 13.1;
						TestTargetID = D445F92727515035001AA71A;
					};
				};
			};
			buildConfigurationList = D445F92327515035001AA71A /* Build configuration list for PBXProject "ActiveMe" */;
			compatibilityVersion = "Xcode 13.0";
			developmentRegion = en;
			hasScannedForEncodings = 0;
			knownRegions = (
				en,
				Base,
			);
			mainGroup = D445F91F27515035001AA71A;
			packageReferences = (
				D445F96D27515CBA001AA71A /* XCRemoteSwiftPackageReference "SnapKit" */,
				D445F9702751654B001AA71A /* XCRemoteSwiftPackageReference "GRDB.swift" */,
				D48E1E54275399B00034DDBE /* XCRemoteSwiftPackageReference "RxSwift" */,
				D4AA4F37275BADD3002DBE23 /* XCRemoteSwiftPackageReference "CareKit" */,
			);
			productRefGroup = D445F92927515035001AA71A /* Products */;
			projectDirPath = "";
			projectRoot = "";
			targets = (
				D445F92727515035001AA71A /* ActiveMe */,
				D445F94027515037001AA71A /* ActiveMeTests */,
				D445F94A27515038001AA71A /* ActiveMeUITests */,
				D41E73D127F05801003C05DF /* ActiveMe Watch */,
				D41E73D927F05804003C05DF /* ActiveMe Watch WatchKit Extension */,
			);
		};
/* End PBXProject section */

/* Begin PBXResourcesBuildPhase section */
		D41E73D027F05801003C05DF /* Resources */ = {
			isa = PBXResourcesBuildPhase;
			buildActionMask = 2147483647;
			files = (
				D41E73D527F05804003C05DF /* Assets.xcassets in Resources */,
			);
			runOnlyForDeploymentPostprocessing = 0;
		};
		D41E73D827F05804003C05DF /* Resources */ = {
			isa = PBXResourcesBuildPhase;
			buildActionMask = 2147483647;
			files = (
				D4A957B32802F4E500E98FF4 /* Colors.xcassets in Resources */,
				D41E73ED27F05805003C05DF /* Preview Assets.xcassets in Resources */,
				D41E73EA27F05805003C05DF /* Assets.xcassets in Resources */,
			);
			runOnlyForDeploymentPostprocessing = 0;
		};
		D445F92627515035001AA71A /* Resources */ = {
			isa = PBXResourcesBuildPhase;
			buildActionMask = 2147483647;
			files = (
				3ADAFBD3275A273A0026A1CC /* Roboto-Thin.ttf in Resources */,
				D445F93B27515037001AA71A /* LaunchScreen.storyboard in Resources */,
				3ADAFBDB275A275D0026A1CC /* Roboto-Light.ttf in Resources */,
				3ADAFBD7275A274E0026A1CC /* Roboto-Regular.ttf in Resources */,
				D445F93827515037001AA71A /* Assets.xcassets in Resources */,
				3ADAFBD5275A27440026A1CC /* Roboto-Bold.ttf in Resources */,
				3ADAFBD9275A27560026A1CC /* Roboto-Medium.ttf in Resources */,
			);
			runOnlyForDeploymentPostprocessing = 0;
		};
		D445F93F27515037001AA71A /* Resources */ = {
			isa = PBXResourcesBuildPhase;
			buildActionMask = 2147483647;
			files = (
			);
			runOnlyForDeploymentPostprocessing = 0;
		};
		D445F94927515038001AA71A /* Resources */ = {
			isa = PBXResourcesBuildPhase;
			buildActionMask = 2147483647;
			files = (
			);
			runOnlyForDeploymentPostprocessing = 0;
		};
/* End PBXResourcesBuildPhase section */

/* Begin PBXSourcesBuildPhase section */
		D41E73D627F05804003C05DF /* Sources */ = {
			isa = PBXSourcesBuildPhase;
			buildActionMask = 2147483647;
			files = (
				D4A957AB2802F0D800E98FF4 /* SessionView.swift in Sources */,
				D41E73E427F05804003C05DF /* NotificationController.swift in Sources */,
				D4A957B12802F29F00E98FF4 /* ElapsedTimeView.swift in Sources */,
				D41E73E227F05804003C05DF /* StartView.swift in Sources */,
				D41E73E827F05804003C05DF /* ComplicationController.swift in Sources */,
				D4A957AF2802F1DD00E98FF4 /* MetricsView.swift in Sources */,
				D4A957AD2802F13800E98FF4 /* ControlsView.swift in Sources */,
				D41E73E027F05804003C05DF /* ActiveMeApp.swift in Sources */,
				D41E73E627F05804003C05DF /* NotificationView.swift in Sources */,
				D466ADED28030B5400862E5E /* ActivityRingsView.swift in Sources */,
				D4A9579E2802E50100E98FF4 /* WorkoutManager.swift in Sources */,
				D466ADEB2803099A00862E5E /* SummaryView.swift in Sources */,
			);
			runOnlyForDeploymentPostprocessing = 0;
		};
		D445F92427515035001AA71A /* Sources */ = {
			isa = PBXSourcesBuildPhase;
			buildActionMask = 2147483647;
			files = (
				D48E1E622753E33F0034DDBE /* UIViewController+Extension.swift in Sources */,
				3A6A2C8A276186BC006B840E /* BackgroundOperation.swift in Sources */,
				D48E1E472753887A0034DDBE /* UIFont+Extension.swift in Sources */,
				3A6A2C8727616FA7006B840E /* ActivityStorable.swift in Sources */,
				D424DCB4276491E600E49132 /* UserDefaultsKeys.swift in Sources */,
				D442C17E275AB9CD00BD8EE6 /* SliderParametersViewModel.swift in Sources */,
				D445F96C2751551C001AA71A /* StrokesSliderCell.swift in Sources */,
				D445F93027515035001AA71A /* GenderView.swift in Sources */,
				3A1703682767E7230023DF67 /* SettingsViewModel.swift in Sources */,
				D48D70ED27F08368002F5002 /* CommandStatus.swift in Sources */,
				3A1043AD275DDD2C0017C25C /* ActivityClassifier.swift in Sources */,
				3A1703632767C40F0023DF67 /* UITextFiewld+Extension.swift in Sources */,
				D48E1E43275380500034DDBE /* GenderButton.swift in Sources */,
				3A17036A2767E9F10023DF67 /* SettingsModel.swift in Sources */,
				D4DCA876275BE3E00072F725 /* MainTabBarCoordinator.swift in Sources */,
				3A6A2C7527612C71006B840E /* CareStoreReferenceManager.swift in Sources */,
				D48E1E6E27541B6F0034DDBE /* AppCoordinator.swift in Sources */,
				D424DCB22764917800E49132 /* UserDefaultsManager.swift in Sources */,
				D445F92C27515035001AA71A /* AppDelegate.swift in Sources */,
				D4480FAD27516CA100EDCD22 /* StrokesSliderFlowLayout.swift in Sources */,
				D41F5478275E711E00093D1D /* GraphView.swift in Sources */,
				3A6A2C8227616B08006B840E /* StorageService.swift in Sources */,
				3ADAFBCF275A16080026A1CC /* WaterBalanceListViewModel.swift in Sources */,
				D4AA4F3C275BB11C002DBE23 /* MainTabBarView.swift in Sources */,
				D4DCA879275BE6890072F725 /* HomeView.swift in Sources */,
				D445F97427516608001AA71A /* StrokeSliderCellProtocol.swift in Sources */,
				D4CA4EA1275EA1A800A8FE62 /* ActivityViewModel.swift in Sources */,
				3ADAFBCD275A15DB0026A1CC /* WaterBalanceListView.swift in Sources */,
				3A29A1C22762927E00A0CE79 /* HomeModel.swift in Sources */,
				3A1043B0275DE11B0017C25C /* MotionManager.swift in Sources */,
				3A1703662767D43A0023DF67 /* ImagePicker.swift in Sources */,
				3A1043B2275DFC410017C25C /* HomeViewModel.swift in Sources */,
				3A6A2C8027615F69006B840E /* StorageManager.swift in Sources */,
				3A6A2C8527616BA0006B840E /* StepsStorable.swift in Sources */,
				3A1043A9275DDCD00017C25C /* HARClassifier.mlmodel in Sources */,
				D445F92E27515035001AA71A /* SceneDelegate.swift in Sources */,
				D445F964275152EE001AA71A /* StrokesSlider.swift in Sources */,
				D442C175275AAABF00BD8EE6 /* NextButton.swift in Sources */,
				D445F96727515395001AA71A /* MainSection.swift in Sources */,
				D445F969275153D7001AA71A /* StrokeCell.swift in Sources */,
				3ADAFBD1275A1C690026A1CC /* WaterBalanceListModel.swift in Sources */,
				D442C172275AA17800BD8EE6 /* UserParametersCoordinator.swift in Sources */,
				3A1043B4275DFE840017C25C /* ActivityClassifierProtocol.swift in Sources */,
				D4DCA87B275BE6C10072F725 /* ActivityView.swift in Sources */,
				D48E1E6B275419EE0034DDBE /* BaseCoordinator.swift in Sources */,
				D48D70EB27F0824C002F5002 /* DataTransferManager.swift in Sources */,
				D442C17C275AB9C300BD8EE6 /* SliderParametersView.swift in Sources */,
				D48E1E45275386FF0034DDBE /* UIColor+Extension.swift in Sources */,
				D48D70E927F07FC4002F5002 /* SessionDelegate.swift in Sources */,
				D445F97827516951001AA71A /* UICollectionViewCell+Extension.swift in Sources */,
				3A6A2C7727612F8C006B840E /* OCKStore+Extension.swift in Sources */,
				D48E1E5C2753C8220034DDBE /* GenderViewModel.swift in Sources */,
				D4DCA87D275BE6D40072F725 /* SettingsView.swift in Sources */,
				D445F93627515036001AA71A /* ActiveMe.xcdatamodeld in Sources */,
				3A6A2C6C276122D2006B840E /* PedometerManager.swift in Sources */,
			);
			runOnlyForDeploymentPostprocessing = 0;
		};
		D445F93D27515037001AA71A /* Sources */ = {
			isa = PBXSourcesBuildPhase;
			buildActionMask = 2147483647;
			files = (
				D445F94627515038001AA71A /* ActiveMeTests.swift in Sources */,
			);
			runOnlyForDeploymentPostprocessing = 0;
		};
		D445F94727515038001AA71A /* Sources */ = {
			isa = PBXSourcesBuildPhase;
			buildActionMask = 2147483647;
			files = (
				D445F95227515038001AA71A /* ActiveMeUITestsLaunchTests.swift in Sources */,
				D445F95027515038001AA71A /* ActiveMeUITests.swift in Sources */,
			);
			runOnlyForDeploymentPostprocessing = 0;
		};
/* End PBXSourcesBuildPhase section */

/* Begin PBXTargetDependency section */
		D41E73DD27F05804003C05DF /* PBXTargetDependency */ = {
			isa = PBXTargetDependency;
			target = D41E73D927F05804003C05DF /* ActiveMe Watch WatchKit Extension */;
			targetProxy = D41E73DC27F05804003C05DF /* PBXContainerItemProxy */;
		};
		D41E73F127F05805003C05DF /* PBXTargetDependency */ = {
			isa = PBXTargetDependency;
			target = D41E73D127F05801003C05DF /* ActiveMe Watch */;
			targetProxy = D41E73F027F05805003C05DF /* PBXContainerItemProxy */;
		};
		D445F94327515037001AA71A /* PBXTargetDependency */ = {
			isa = PBXTargetDependency;
			target = D445F92727515035001AA71A /* ActiveMe */;
			targetProxy = D445F94227515037001AA71A /* PBXContainerItemProxy */;
		};
		D445F94D27515038001AA71A /* PBXTargetDependency */ = {
			isa = PBXTargetDependency;
			target = D445F92727515035001AA71A /* ActiveMe */;
			targetProxy = D445F94C27515038001AA71A /* PBXContainerItemProxy */;
		};
/* End PBXTargetDependency section */

/* Begin PBXVariantGroup section */
		D445F93927515037001AA71A /* LaunchScreen.storyboard */ = {
			isa = PBXVariantGroup;
			children = (
				D445F93A27515037001AA71A /* Base */,
			);
			name = LaunchScreen.storyboard;
			sourceTree = "<group>";
		};
/* End PBXVariantGroup section */

/* Begin XCBuildConfiguration section */
		D41E73F427F05805003C05DF /* Debug */ = {
			isa = XCBuildConfiguration;
			buildSettings = {
				ALWAYS_EMBED_SWIFT_STANDARD_LIBRARIES = YES;
				ASSETCATALOG_COMPILER_APPICON_NAME = AppIcon;
				ASSETCATALOG_COMPILER_GLOBAL_ACCENT_COLOR_NAME = AccentColor;
				CODE_SIGN_IDENTITY = "iPhone Developer";
				CODE_SIGN_STYLE = Automatic;
				CURRENT_PROJECT_VERSION = 1;
				DEVELOPMENT_TEAM = J9ZD55BC9Y;
				GENERATE_INFOPLIST_FILE = YES;
				IBSC_MODULE = ActiveMe_Watch_WatchKit_Extension;
				INFOPLIST_KEY_CFBundleDisplayName = "ActiveMe Watch";
				INFOPLIST_KEY_UISupportedInterfaceOrientations = "UIInterfaceOrientationPortrait UIInterfaceOrientationPortraitUpsideDown";
				INFOPLIST_KEY_WKCompanionAppBundleIdentifier = "com.dzmitry-semianovich.ActiveMe";
				MARKETING_VERSION = 1.0;
				PRODUCT_BUNDLE_IDENTIFIER = "com.dzmitry-semianovich.ActiveMe.watchkitapp";
				PRODUCT_NAME = "$(TARGET_NAME)";
				SDKROOT = watchos;
				SKIP_INSTALL = YES;
				SWIFT_EMIT_LOC_STRINGS = YES;
				SWIFT_VERSION = 5.0;
				TARGETED_DEVICE_FAMILY = 4;
				WATCHOS_DEPLOYMENT_TARGET = 8.5;
			};
			name = Debug;
		};
		D41E73F527F05805003C05DF /* Release */ = {
			isa = XCBuildConfiguration;
			buildSettings = {
				ALWAYS_EMBED_SWIFT_STANDARD_LIBRARIES = YES;
				ASSETCATALOG_COMPILER_APPICON_NAME = AppIcon;
				ASSETCATALOG_COMPILER_GLOBAL_ACCENT_COLOR_NAME = AccentColor;
				CODE_SIGN_IDENTITY = "iPhone Developer";
				CODE_SIGN_STYLE = Automatic;
				CURRENT_PROJECT_VERSION = 1;
				DEVELOPMENT_TEAM = J9ZD55BC9Y;
				GENERATE_INFOPLIST_FILE = YES;
				IBSC_MODULE = ActiveMe_Watch_WatchKit_Extension;
				INFOPLIST_KEY_CFBundleDisplayName = "ActiveMe Watch";
				INFOPLIST_KEY_UISupportedInterfaceOrientations = "UIInterfaceOrientationPortrait UIInterfaceOrientationPortraitUpsideDown";
				INFOPLIST_KEY_WKCompanionAppBundleIdentifier = "com.dzmitry-semianovich.ActiveMe";
				MARKETING_VERSION = 1.0;
				PRODUCT_BUNDLE_IDENTIFIER = "com.dzmitry-semianovich.ActiveMe.watchkitapp";
				PRODUCT_NAME = "$(TARGET_NAME)";
				SDKROOT = watchos;
				SKIP_INSTALL = YES;
				SWIFT_EMIT_LOC_STRINGS = YES;
				SWIFT_VERSION = 5.0;
				TARGETED_DEVICE_FAMILY = 4;
				WATCHOS_DEPLOYMENT_TARGET = 8.5;
			};
			name = Release;
		};
		D41E73F727F05805003C05DF /* Debug */ = {
			isa = XCBuildConfiguration;
			buildSettings = {
				ASSETCATALOG_COMPILER_COMPLICATION_NAME = Complication;
				CODE_SIGN_ENTITLEMENTS = "ActiveMe Watch WatchKit Extension/ActiveMe Watch WatchKit Extension.entitlements";
				CODE_SIGN_IDENTITY = "iPhone Developer";
				CODE_SIGN_STYLE = Automatic;
				CURRENT_PROJECT_VERSION = 1;
				DEVELOPMENT_ASSET_PATHS = "\"ActiveMe Watch WatchKit Extension/Preview Content\"";
				DEVELOPMENT_TEAM = J9ZD55BC9Y;
				ENABLE_PREVIEWS = YES;
				GENERATE_INFOPLIST_FILE = YES;
				INFOPLIST_FILE = "ActiveMe Watch WatchKit Extension/Info.plist";
				INFOPLIST_KEY_CFBundleDisplayName = "ActiveMe Watch WatchKit Extension";
				INFOPLIST_KEY_CLKComplicationPrincipalClass = ActiveMe_Watch_WatchKit_Extension.ComplicationController;
				INFOPLIST_KEY_NSHumanReadableCopyright = "";
				INFOPLIST_KEY_WKRunsIndependentlyOfCompanionApp = YES;
				LD_RUNPATH_SEARCH_PATHS = (
					"$(inherited)",
					"@executable_path/Frameworks",
					"@executable_path/../../Frameworks",
				);
				MARKETING_VERSION = 1.0;
				PRODUCT_BUNDLE_IDENTIFIER = "com.dzmitry-semianovich.ActiveMe.watchkitapp.watchkitextension";
				PRODUCT_NAME = "${TARGET_NAME}";
				SDKROOT = watchos;
				SKIP_INSTALL = YES;
				SWIFT_EMIT_LOC_STRINGS = YES;
				SWIFT_VERSION = 5.0;
				TARGETED_DEVICE_FAMILY = 4;
				WATCHOS_DEPLOYMENT_TARGET = 8.5;
			};
			name = Debug;
		};
		D41E73F827F05805003C05DF /* Release */ = {
			isa = XCBuildConfiguration;
			buildSettings = {
				ASSETCATALOG_COMPILER_COMPLICATION_NAME = Complication;
				CODE_SIGN_ENTITLEMENTS = "ActiveMe Watch WatchKit Extension/ActiveMe Watch WatchKit Extension.entitlements";
				CODE_SIGN_IDENTITY = "iPhone Developer";
				CODE_SIGN_STYLE = Automatic;
				CURRENT_PROJECT_VERSION = 1;
				DEVELOPMENT_ASSET_PATHS = "\"ActiveMe Watch WatchKit Extension/Preview Content\"";
				DEVELOPMENT_TEAM = J9ZD55BC9Y;
				ENABLE_PREVIEWS = YES;
				GENERATE_INFOPLIST_FILE = YES;
				INFOPLIST_FILE = "ActiveMe Watch WatchKit Extension/Info.plist";
				INFOPLIST_KEY_CFBundleDisplayName = "ActiveMe Watch WatchKit Extension";
				INFOPLIST_KEY_CLKComplicationPrincipalClass = ActiveMe_Watch_WatchKit_Extension.ComplicationController;
				INFOPLIST_KEY_NSHumanReadableCopyright = "";
				INFOPLIST_KEY_WKRunsIndependentlyOfCompanionApp = YES;
				LD_RUNPATH_SEARCH_PATHS = (
					"$(inherited)",
					"@executable_path/Frameworks",
					"@executable_path/../../Frameworks",
				);
				MARKETING_VERSION = 1.0;
				PRODUCT_BUNDLE_IDENTIFIER = "com.dzmitry-semianovich.ActiveMe.watchkitapp.watchkitextension";
				PRODUCT_NAME = "${TARGET_NAME}";
				SDKROOT = watchos;
				SKIP_INSTALL = YES;
				SWIFT_EMIT_LOC_STRINGS = YES;
				SWIFT_VERSION = 5.0;
				TARGETED_DEVICE_FAMILY = 4;
				WATCHOS_DEPLOYMENT_TARGET = 8.5;
			};
			name = Release;
		};
		D445F95327515038001AA71A /* Debug */ = {
			isa = XCBuildConfiguration;
			buildSettings = {
				ALWAYS_SEARCH_USER_PATHS = NO;
				CLANG_ANALYZER_NONNULL = YES;
				CLANG_ANALYZER_NUMBER_OBJECT_CONVERSION = YES_AGGRESSIVE;
				CLANG_CXX_LANGUAGE_STANDARD = "gnu++17";
				CLANG_CXX_LIBRARY = "libc++";
				CLANG_ENABLE_MODULES = YES;
				CLANG_ENABLE_OBJC_ARC = YES;
				CLANG_ENABLE_OBJC_WEAK = YES;
				CLANG_WARN_BLOCK_CAPTURE_AUTORELEASING = YES;
				CLANG_WARN_BOOL_CONVERSION = YES;
				CLANG_WARN_COMMA = YES;
				CLANG_WARN_CONSTANT_CONVERSION = YES;
				CLANG_WARN_DEPRECATED_OBJC_IMPLEMENTATIONS = YES;
				CLANG_WARN_DIRECT_OBJC_ISA_USAGE = YES_ERROR;
				CLANG_WARN_DOCUMENTATION_COMMENTS = YES;
				CLANG_WARN_EMPTY_BODY = YES;
				CLANG_WARN_ENUM_CONVERSION = YES;
				CLANG_WARN_INFINITE_RECURSION = YES;
				CLANG_WARN_INT_CONVERSION = YES;
				CLANG_WARN_NON_LITERAL_NULL_CONVERSION = YES;
				CLANG_WARN_OBJC_IMPLICIT_RETAIN_SELF = YES;
				CLANG_WARN_OBJC_LITERAL_CONVERSION = YES;
				CLANG_WARN_OBJC_ROOT_CLASS = YES_ERROR;
				CLANG_WARN_QUOTED_INCLUDE_IN_FRAMEWORK_HEADER = YES;
				CLANG_WARN_RANGE_LOOP_ANALYSIS = YES;
				CLANG_WARN_STRICT_PROTOTYPES = YES;
				CLANG_WARN_SUSPICIOUS_MOVE = YES;
				CLANG_WARN_UNGUARDED_AVAILABILITY = YES_AGGRESSIVE;
				CLANG_WARN_UNREACHABLE_CODE = YES;
				CLANG_WARN__DUPLICATE_METHOD_MATCH = YES;
				CODE_SIGN_IDENTITY = "iPhone Developer";
				COPY_PHASE_STRIP = NO;
				DEBUG_INFORMATION_FORMAT = dwarf;
				ENABLE_STRICT_OBJC_MSGSEND = YES;
				ENABLE_TESTABILITY = YES;
				GCC_C_LANGUAGE_STANDARD = gnu11;
				GCC_DYNAMIC_NO_PIC = NO;
				GCC_NO_COMMON_BLOCKS = YES;
				GCC_OPTIMIZATION_LEVEL = 0;
				GCC_PREPROCESSOR_DEFINITIONS = (
					"DEBUG=1",
					"$(inherited)",
				);
				GCC_WARN_64_TO_32_BIT_CONVERSION = YES;
				GCC_WARN_ABOUT_RETURN_TYPE = YES_ERROR;
				GCC_WARN_UNDECLARED_SELECTOR = YES;
				GCC_WARN_UNINITIALIZED_AUTOS = YES_AGGRESSIVE;
				GCC_WARN_UNUSED_FUNCTION = YES;
				GCC_WARN_UNUSED_VARIABLE = YES;
				IPHONEOS_DEPLOYMENT_TARGET = 14.7;
				MTL_ENABLE_DEBUG_INFO = INCLUDE_SOURCE;
				MTL_FAST_MATH = YES;
				ONLY_ACTIVE_ARCH = YES;
				SDKROOT = iphoneos;
				SWIFT_ACTIVE_COMPILATION_CONDITIONS = DEBUG;
				SWIFT_OPTIMIZATION_LEVEL = "-Onone";
			};
			name = Debug;
		};
		D445F95427515038001AA71A /* Release */ = {
			isa = XCBuildConfiguration;
			buildSettings = {
				ALWAYS_SEARCH_USER_PATHS = NO;
				CLANG_ANALYZER_NONNULL = YES;
				CLANG_ANALYZER_NUMBER_OBJECT_CONVERSION = YES_AGGRESSIVE;
				CLANG_CXX_LANGUAGE_STANDARD = "gnu++17";
				CLANG_CXX_LIBRARY = "libc++";
				CLANG_ENABLE_MODULES = YES;
				CLANG_ENABLE_OBJC_ARC = YES;
				CLANG_ENABLE_OBJC_WEAK = YES;
				CLANG_WARN_BLOCK_CAPTURE_AUTORELEASING = YES;
				CLANG_WARN_BOOL_CONVERSION = YES;
				CLANG_WARN_COMMA = YES;
				CLANG_WARN_CONSTANT_CONVERSION = YES;
				CLANG_WARN_DEPRECATED_OBJC_IMPLEMENTATIONS = YES;
				CLANG_WARN_DIRECT_OBJC_ISA_USAGE = YES_ERROR;
				CLANG_WARN_DOCUMENTATION_COMMENTS = YES;
				CLANG_WARN_EMPTY_BODY = YES;
				CLANG_WARN_ENUM_CONVERSION = YES;
				CLANG_WARN_INFINITE_RECURSION = YES;
				CLANG_WARN_INT_CONVERSION = YES;
				CLANG_WARN_NON_LITERAL_NULL_CONVERSION = YES;
				CLANG_WARN_OBJC_IMPLICIT_RETAIN_SELF = YES;
				CLANG_WARN_OBJC_LITERAL_CONVERSION = YES;
				CLANG_WARN_OBJC_ROOT_CLASS = YES_ERROR;
				CLANG_WARN_QUOTED_INCLUDE_IN_FRAMEWORK_HEADER = YES;
				CLANG_WARN_RANGE_LOOP_ANALYSIS = YES;
				CLANG_WARN_STRICT_PROTOTYPES = YES;
				CLANG_WARN_SUSPICIOUS_MOVE = YES;
				CLANG_WARN_UNGUARDED_AVAILABILITY = YES_AGGRESSIVE;
				CLANG_WARN_UNREACHABLE_CODE = YES;
				CLANG_WARN__DUPLICATE_METHOD_MATCH = YES;
				CODE_SIGN_IDENTITY = "iPhone Developer";
				COPY_PHASE_STRIP = NO;
				DEBUG_INFORMATION_FORMAT = "dwarf-with-dsym";
				ENABLE_NS_ASSERTIONS = NO;
				ENABLE_STRICT_OBJC_MSGSEND = YES;
				GCC_C_LANGUAGE_STANDARD = gnu11;
				GCC_NO_COMMON_BLOCKS = YES;
				GCC_WARN_64_TO_32_BIT_CONVERSION = YES;
				GCC_WARN_ABOUT_RETURN_TYPE = YES_ERROR;
				GCC_WARN_UNDECLARED_SELECTOR = YES;
				GCC_WARN_UNINITIALIZED_AUTOS = YES_AGGRESSIVE;
				GCC_WARN_UNUSED_FUNCTION = YES;
				GCC_WARN_UNUSED_VARIABLE = YES;
				IPHONEOS_DEPLOYMENT_TARGET = 14.7;
				MTL_ENABLE_DEBUG_INFO = NO;
				MTL_FAST_MATH = YES;
				SDKROOT = iphoneos;
				SWIFT_COMPILATION_MODE = wholemodule;
				SWIFT_OPTIMIZATION_LEVEL = "-O";
				VALIDATE_PRODUCT = YES;
			};
			name = Release;
		};
		D445F95627515038001AA71A /* Debug */ = {
			isa = XCBuildConfiguration;
			buildSettings = {
				ASSETCATALOG_COMPILER_APPICON_NAME = AppIcon;
				ASSETCATALOG_COMPILER_GLOBAL_ACCENT_COLOR_NAME = AccentColor;
				CODE_SIGN_IDENTITY = "iPhone Developer";
				CODE_SIGN_STYLE = Automatic;
				CURRENT_PROJECT_VERSION = 1;
				DEVELOPMENT_TEAM = J9ZD55BC9Y;
				GENERATE_INFOPLIST_FILE = YES;
				INFOPLIST_FILE = ActiveMe/Info.plist;
				INFOPLIST_KEY_NSCameraUsageDescription = "We are using camera in order to show your incredible photos";
				INFOPLIST_KEY_NSMotionUsageDescription = "We are using motion usage in  order  to classify your motion activity and to track your steps count";
				INFOPLIST_KEY_NSPhotoLibraryUsageDescription = "We are using photo library in order to show your incredible photos";
				INFOPLIST_KEY_UIApplicationSupportsIndirectInputEvents = YES;
				INFOPLIST_KEY_UILaunchStoryboardName = LaunchScreen;
				INFOPLIST_KEY_UISupportedInterfaceOrientations_iPad = "UIInterfaceOrientationPortrait UIInterfaceOrientationPortrait UIInterfaceOrientationPortrait UIInterfaceOrientationPortrait";
				INFOPLIST_KEY_UISupportedInterfaceOrientations_iPhone = "UIInterfaceOrientationPortrait UIInterfaceOrientationPortrait UIInterfaceOrientationPortrait";
				LD_RUNPATH_SEARCH_PATHS = (
					"$(inherited)",
					"@executable_path/Frameworks",
				);
				MARKETING_VERSION = 1.0;
				PRODUCT_BUNDLE_IDENTIFIER = "com.dzmitry-semianovich.ActiveMe";
				PRODUCT_NAME = "$(TARGET_NAME)";
				SWIFT_EMIT_LOC_STRINGS = YES;
				SWIFT_VERSION = 5.0;
				TARGETED_DEVICE_FAMILY = "1,2";
			};
			name = Debug;
		};
		D445F95727515038001AA71A /* Release */ = {
			isa = XCBuildConfiguration;
			buildSettings = {
				ASSETCATALOG_COMPILER_APPICON_NAME = AppIcon;
				ASSETCATALOG_COMPILER_GLOBAL_ACCENT_COLOR_NAME = AccentColor;
				CODE_SIGN_IDENTITY = "iPhone Developer";
				CODE_SIGN_STYLE = Automatic;
				CURRENT_PROJECT_VERSION = 1;
				DEVELOPMENT_TEAM = J9ZD55BC9Y;
				GENERATE_INFOPLIST_FILE = YES;
				INFOPLIST_FILE = ActiveMe/Info.plist;
				INFOPLIST_KEY_NSCameraUsageDescription = "We are using camera in order to show your incredible photos";
				INFOPLIST_KEY_NSMotionUsageDescription = "We are using motion usage in  order  to classify your motion activity and to track your steps count";
				INFOPLIST_KEY_NSPhotoLibraryUsageDescription = "We are using photo library in order to show your incredible photos";
				INFOPLIST_KEY_UIApplicationSupportsIndirectInputEvents = YES;
				INFOPLIST_KEY_UILaunchStoryboardName = LaunchScreen;
				INFOPLIST_KEY_UISupportedInterfaceOrientations_iPad = "UIInterfaceOrientationPortrait UIInterfaceOrientationPortrait UIInterfaceOrientationPortrait UIInterfaceOrientationPortrait";
				INFOPLIST_KEY_UISupportedInterfaceOrientations_iPhone = "UIInterfaceOrientationPortrait UIInterfaceOrientationPortrait UIInterfaceOrientationPortrait";
				LD_RUNPATH_SEARCH_PATHS = (
					"$(inherited)",
					"@executable_path/Frameworks",
				);
				MARKETING_VERSION = 1.0;
				PRODUCT_BUNDLE_IDENTIFIER = "com.dzmitry-semianovich.ActiveMe";
				PRODUCT_NAME = "$(TARGET_NAME)";
				SWIFT_EMIT_LOC_STRINGS = YES;
				SWIFT_VERSION = 5.0;
				TARGETED_DEVICE_FAMILY = "1,2";
			};
			name = Release;
		};
		D445F95927515038001AA71A /* Debug */ = {
			isa = XCBuildConfiguration;
			buildSettings = {
				ALWAYS_EMBED_SWIFT_STANDARD_LIBRARIES = YES;
				BUNDLE_LOADER = "$(TEST_HOST)";
				"CODE_SIGN_IDENTITY[sdk=macosx*]" = "-";
				CODE_SIGN_STYLE = Automatic;
				CURRENT_PROJECT_VERSION = 1;
				DEVELOPMENT_TEAM = J9ZD55BC9Y;
				GENERATE_INFOPLIST_FILE = YES;
				IPHONEOS_DEPLOYMENT_TARGET = 15.0;
				LD_RUNPATH_SEARCH_PATHS = (
					"$(inherited)",
					"@executable_path/Frameworks",
					"@loader_path/Frameworks",
				);
				MARKETING_VERSION = 1.0;
				PRODUCT_BUNDLE_IDENTIFIER = "com.dzmitry-semianovich.ActiveMeTests";
				PRODUCT_NAME = "$(TARGET_NAME)";
				SWIFT_EMIT_LOC_STRINGS = NO;
				SWIFT_VERSION = 5.0;
				TARGETED_DEVICE_FAMILY = "1,2";
				TEST_HOST = "$(BUILT_PRODUCTS_DIR)/ActiveMe.app/ActiveMe";
			};
			name = Debug;
		};
		D445F95A27515038001AA71A /* Release */ = {
			isa = XCBuildConfiguration;
			buildSettings = {
				ALWAYS_EMBED_SWIFT_STANDARD_LIBRARIES = YES;
				BUNDLE_LOADER = "$(TEST_HOST)";
				"CODE_SIGN_IDENTITY[sdk=macosx*]" = "-";
				CODE_SIGN_STYLE = Automatic;
				CURRENT_PROJECT_VERSION = 1;
				DEVELOPMENT_TEAM = J9ZD55BC9Y;
				GENERATE_INFOPLIST_FILE = YES;
				IPHONEOS_DEPLOYMENT_TARGET = 15.0;
				LD_RUNPATH_SEARCH_PATHS = (
					"$(inherited)",
					"@executable_path/Frameworks",
					"@loader_path/Frameworks",
				);
				MARKETING_VERSION = 1.0;
				PRODUCT_BUNDLE_IDENTIFIER = "com.dzmitry-semianovich.ActiveMeTests";
				PRODUCT_NAME = "$(TARGET_NAME)";
				SWIFT_EMIT_LOC_STRINGS = NO;
				SWIFT_VERSION = 5.0;
				TARGETED_DEVICE_FAMILY = "1,2";
				TEST_HOST = "$(BUILT_PRODUCTS_DIR)/ActiveMe.app/ActiveMe";
			};
			name = Release;
		};
		D445F95C27515038001AA71A /* Debug */ = {
			isa = XCBuildConfiguration;
			buildSettings = {
				ALWAYS_EMBED_SWIFT_STANDARD_LIBRARIES = YES;
				"CODE_SIGN_IDENTITY[sdk=macosx*]" = "-";
				CODE_SIGN_STYLE = Automatic;
				CURRENT_PROJECT_VERSION = 1;
				DEVELOPMENT_TEAM = J9ZD55BC9Y;
				GENERATE_INFOPLIST_FILE = YES;
				LD_RUNPATH_SEARCH_PATHS = (
					"$(inherited)",
					"@executable_path/Frameworks",
					"@loader_path/Frameworks",
				);
				MARKETING_VERSION = 1.0;
				PRODUCT_BUNDLE_IDENTIFIER = "com.dzmitry-semianovich.ActiveMeUITests";
				PRODUCT_NAME = "$(TARGET_NAME)";
				SWIFT_EMIT_LOC_STRINGS = NO;
				SWIFT_VERSION = 5.0;
				TARGETED_DEVICE_FAMILY = "1,2";
				TEST_TARGET_NAME = ActiveMe;
			};
			name = Debug;
		};
		D445F95D27515038001AA71A /* Release */ = {
			isa = XCBuildConfiguration;
			buildSettings = {
				ALWAYS_EMBED_SWIFT_STANDARD_LIBRARIES = YES;
				"CODE_SIGN_IDENTITY[sdk=macosx*]" = "-";
				CODE_SIGN_STYLE = Automatic;
				CURRENT_PROJECT_VERSION = 1;
				DEVELOPMENT_TEAM = J9ZD55BC9Y;
				GENERATE_INFOPLIST_FILE = YES;
				LD_RUNPATH_SEARCH_PATHS = (
					"$(inherited)",
					"@executable_path/Frameworks",
					"@loader_path/Frameworks",
				);
				MARKETING_VERSION = 1.0;
				PRODUCT_BUNDLE_IDENTIFIER = "com.dzmitry-semianovich.ActiveMeUITests";
				PRODUCT_NAME = "$(TARGET_NAME)";
				SWIFT_EMIT_LOC_STRINGS = NO;
				SWIFT_VERSION = 5.0;
				TARGETED_DEVICE_FAMILY = "1,2";
				TEST_TARGET_NAME = ActiveMe;
			};
			name = Release;
		};
/* End XCBuildConfiguration section */

/* Begin XCConfigurationList section */
		D41E73F927F05805003C05DF /* Build configuration list for PBXNativeTarget "ActiveMe Watch WatchKit Extension" */ = {
			isa = XCConfigurationList;
			buildConfigurations = (
				D41E73F727F05805003C05DF /* Debug */,
				D41E73F827F05805003C05DF /* Release */,
			);
			defaultConfigurationIsVisible = 0;
			defaultConfigurationName = Release;
		};
		D41E73FA27F05805003C05DF /* Build configuration list for PBXNativeTarget "ActiveMe Watch" */ = {
			isa = XCConfigurationList;
			buildConfigurations = (
				D41E73F427F05805003C05DF /* Debug */,
				D41E73F527F05805003C05DF /* Release */,
			);
			defaultConfigurationIsVisible = 0;
			defaultConfigurationName = Release;
		};
		D445F92327515035001AA71A /* Build configuration list for PBXProject "ActiveMe" */ = {
			isa = XCConfigurationList;
			buildConfigurations = (
				D445F95327515038001AA71A /* Debug */,
				D445F95427515038001AA71A /* Release */,
			);
			defaultConfigurationIsVisible = 0;
			defaultConfigurationName = Release;
		};
		D445F95527515038001AA71A /* Build configuration list for PBXNativeTarget "ActiveMe" */ = {
			isa = XCConfigurationList;
			buildConfigurations = (
				D445F95627515038001AA71A /* Debug */,
				D445F95727515038001AA71A /* Release */,
			);
			defaultConfigurationIsVisible = 0;
			defaultConfigurationName = Release;
		};
		D445F95827515038001AA71A /* Build configuration list for PBXNativeTarget "ActiveMeTests" */ = {
			isa = XCConfigurationList;
			buildConfigurations = (
				D445F95927515038001AA71A /* Debug */,
				D445F95A27515038001AA71A /* Release */,
			);
			defaultConfigurationIsVisible = 0;
			defaultConfigurationName = Release;
		};
		D445F95B27515038001AA71A /* Build configuration list for PBXNativeTarget "ActiveMeUITests" */ = {
			isa = XCConfigurationList;
			buildConfigurations = (
				D445F95C27515038001AA71A /* Debug */,
				D445F95D27515038001AA71A /* Release */,
			);
			defaultConfigurationIsVisible = 0;
			defaultConfigurationName = Release;
		};
/* End XCConfigurationList section */

/* Begin XCRemoteSwiftPackageReference section */
		D445F96D27515CBA001AA71A /* XCRemoteSwiftPackageReference "SnapKit" */ = {
			isa = XCRemoteSwiftPackageReference;
			repositoryURL = "https://github.com/SnapKit/SnapKit.git";
			requirement = {
				kind = upToNextMajorVersion;
				minimumVersion = 5.0.0;
			};
		};
		D445F9702751654B001AA71A /* XCRemoteSwiftPackageReference "GRDB.swift" */ = {
			isa = XCRemoteSwiftPackageReference;
			repositoryURL = "https://github.com/groue/GRDB.swift.git";
			requirement = {
				kind = upToNextMajorVersion;
				minimumVersion = 5.0.0;
			};
		};
		D48E1E54275399B00034DDBE /* XCRemoteSwiftPackageReference "RxSwift" */ = {
			isa = XCRemoteSwiftPackageReference;
			repositoryURL = "https://github.com/ReactiveX/RxSwift.git";
			requirement = {
				kind = upToNextMajorVersion;
				minimumVersion = 6.0.0;
			};
		};
		D4AA4F37275BADD3002DBE23 /* XCRemoteSwiftPackageReference "CareKit" */ = {
			isa = XCRemoteSwiftPackageReference;
			repositoryURL = "https://github.com/carekit-apple/CareKit.git";
			requirement = {
				kind = upToNextMajorVersion;
				minimumVersion = 2.0.0;
			};
		};
/* End XCRemoteSwiftPackageReference section */

/* Begin XCSwiftPackageProductDependency section */
		3A6A2C6D27612BA7006B840E /* CareKit */ = {
			isa = XCSwiftPackageProductDependency;
			package = D4AA4F37275BADD3002DBE23 /* XCRemoteSwiftPackageReference "CareKit" */;
			productName = CareKit;
		};
		3A6A2C6F27612BA7006B840E /* CareKitStore */ = {
			isa = XCSwiftPackageProductDependency;
			package = D4AA4F37275BADD3002DBE23 /* XCRemoteSwiftPackageReference "CareKit" */;
			productName = CareKitStore;
		};
		3A6A2C7127612BA7006B840E /* CareKitUI */ = {
			isa = XCSwiftPackageProductDependency;
			package = D4AA4F37275BADD3002DBE23 /* XCRemoteSwiftPackageReference "CareKit" */;
			productName = CareKitUI;
		};
		D445F96E27515CBA001AA71A /* SnapKit */ = {
			isa = XCSwiftPackageProductDependency;
			package = D445F96D27515CBA001AA71A /* XCRemoteSwiftPackageReference "SnapKit" */;
			productName = SnapKit;
		};
		D445F9712751654C001AA71A /* GRDB */ = {
			isa = XCSwiftPackageProductDependency;
			package = D445F9702751654B001AA71A /* XCRemoteSwiftPackageReference "GRDB.swift" */;
			productName = GRDB;
		};
		D48E1E55275399B00034DDBE /* RxCocoa */ = {
			isa = XCSwiftPackageProductDependency;
			package = D48E1E54275399B00034DDBE /* XCRemoteSwiftPackageReference "RxSwift" */;
			productName = RxCocoa;
		};
		D48E1E57275399B00034DDBE /* RxSwift */ = {
			isa = XCSwiftPackageProductDependency;
			package = D48E1E54275399B00034DDBE /* XCRemoteSwiftPackageReference "RxSwift" */;
			productName = RxSwift;
		};
/* End XCSwiftPackageProductDependency section */

/* Begin XCVersionGroup section */
		D445F93427515036001AA71A /* ActiveMe.xcdatamodeld */ = {
			isa = XCVersionGroup;
			children = (
				D445F93527515036001AA71A /* ActiveMe.xcdatamodel */,
			);
			currentVersion = D445F93527515036001AA71A /* ActiveMe.xcdatamodel */;
			path = ActiveMe.xcdatamodeld;
			sourceTree = "<group>";
			versionGroupType = wrapper.xcdatamodel;
		};
/* End XCVersionGroup section */
	};
	rootObject = D445F92027515035001AA71A /* Project object */;
}
