{
  "object": {
    "pins": [
      {
        "package": "CareKit",
        "repositoryURL": "https://github.com/carekit-apple/CareKit.git",
        "state": {
          "branch": null,
          "revision": "9d4233253faf39e5dcd52e6cb4a0498ac4ca4a1f",
          "version": "2.0.2"
        }
      },
      {
        "package": "GRDB",
        "repositoryURL": "https://github.com/groue/GRDB.swift.git",
        "state": {
          "branch": null,
          "revision": "0330365d4972c193219d8f4da4464ac0cd2b74bb",
          "version": "5.16.0"
        }
      },
      {
        "package": "RxSwift",
        "repositoryURL": "https://github.com/ReactiveX/RxSwift.git",
        "state": {
          "branch": null,
          "revision": "7c17a6ccca06b5c107cfa4284e634562ddaf5951",
          "version": "6.2.0"
        }
      },
      {
        "package": "SnapKit",
        "repositoryURL": "https://github.com/SnapKit/SnapKit.git",
        "state": {
          "branch": null,
          "revision": "d458564516e5676af9c70b4f4b2a9178294f1bc6",
          "version": "5.0.1"
        }
      }
    ]
  },
  "version": 1
}
